// !$*UTF8*$!
{
	archiveVersion = 1;
	classes = {
	};
	objectVersion = 46;
	objects = {

/* Begin PBXBuildFile section */
		49ED4D011BA0821D00103B76 /* main.cpp in Sources */ = {isa = PBXBuildFile; fileRef = 49ED4D001BA0821D00103B76 /* main.cpp */; };
		49ED4D041BA0823600103B76 /* Argument.cpp in Sources */ = {isa = PBXBuildFile; fileRef = 49ED4D021BA0823600103B76 /* Argument.cpp */; };
/* End PBXBuildFile section */

/* Begin PBXCopyFilesBuildPhase section */
		498CFAD61B9B4A9700C2F7BE /* CopyFiles */ = {
			isa = PBXCopyFilesBuildPhase;
			buildActionMask = 2147483647;
			dstPath = /usr/share/man/man1/;
			dstSubfolderSpec = 0;
			files = (
			);
			runOnlyForDeploymentPostprocessing = 1;
		};
/* End PBXCopyFilesBuildPhase section */

/* Begin PBXFileReference section */
		498CFAD81B9B4A9700C2F7BE /* Homework 1 */ = {isa = PBXFileReference; explicitFileType = "compiled.mach-o.executable"; includeInIndex = 0; path = "Homework 1"; sourceTree = BUILT_PRODUCTS_DIR; };
		49ED4D001BA0821D00103B76 /* main.cpp */ = {isa = PBXFileReference; fileEncoding = 4; lastKnownFileType = sourcecode.cpp.cpp; path = main.cpp; sourceTree = "<group>"; };
		49ED4D021BA0823600103B76 /* Argument.cpp */ = {isa = PBXFileReference; fileEncoding = 4; lastKnownFileType = sourcecode.cpp.cpp; path = Argument.cpp; sourceTree = "<group>"; };
		49ED4D031BA0823600103B76 /* Argument.h */ = {isa = PBXFileReference; fileEncoding = 4; lastKnownFileType = sourcecode.c.h; path = Argument.h; sourceTree = "<group>"; };
/* End PBXFileReference section */

/* Begin PBXFrameworksBuildPhase section */
		498CFAD51B9B4A9700C2F7BE /* Frameworks */ = {
			isa = PBXFrameworksBuildPhase;
			buildActionMask = 2147483647;
			files = (
			);
			runOnlyForDeploymentPostprocessing = 0;
		};
/* End PBXFrameworksBuildPhase section */

/* Begin PBXGroup section */
		498CFACF1B9B4A9700C2F7BE = {
			isa = PBXGroup;
			children = (
				498CFADA1B9B4A9700C2F7BE /* Homework 1 */,
				498CFAD91B9B4A9700C2F7BE /* Products */,
			);
			sourceTree = "<group>";
		};
		498CFAD91B9B4A9700C2F7BE /* Products */ = {
			isa = PBXGroup;
			children = (
				498CFAD81B9B4A9700C2F7BE /* Homework 1 */,
			);
			name = Products;
			sourceTree = "<group>";
		};
		498CFADA1B9B4A9700C2F7BE /* Homework 1 */ = {
			isa = PBXGroup;
			children = (
				49ED4D001BA0821D00103B76 /* main.cpp */,
				49ED4D021BA0823600103B76 /* Argument.cpp */,
				49ED4D031BA0823600103B76 /* Argument.h */,
			);
			path = "Homework 1";
			sourceTree = "<group>";
		};
/* End PBXGroup section */

/* Begin PBXNativeTarget section */
		498CFAD71B9B4A9700C2F7BE /* Homework 1 */ = {
			isa = PBXNativeTarget;
			buildConfigurationList = 498CFADF1B9B4A9700C2F7BE /* Build configuration list for PBXNativeTarget "Homework 1" */;
			buildPhases = (
				498CFAD41B9B4A9700C2F7BE /* Sources */,
				498CFAD51B9B4A9700C2F7BE /* Frameworks */,
				498CFAD61B9B4A9700C2F7BE /* CopyFiles */,
			);
			buildRules = (
			);
			dependencies = (
			);
			name = "Homework 1";
			productName = "Homework 1";
			productReference = 498CFAD81B9B4A9700C2F7BE /* Homework 1 */;
			productType = "com.apple.product-type.tool";
		};
/* End PBXNativeTarget section */

/* Begin PBXProject section */
		498CFAD01B9B4A9700C2F7BE /* Project object */ = {
			isa = PBXProject;
			attributes = {
				LastUpgradeCheck = 0640;
				ORGANIZATIONNAME = "Illya Starikov";
				TargetAttributes = {
					498CFAD71B9B4A9700C2F7BE = {
						CreatedOnToolsVersion = 6.4;
					};
				};
			};
			buildConfigurationList = 498CFAD31B9B4A9700C2F7BE /* Build configuration list for PBXProject "Homework 1" */;
			compatibilityVersion = "Xcode 3.2";
			developmentRegion = English;
			hasScannedForEncodings = 0;
			knownRegions = (
				en,
			);
			mainGroup = 498CFACF1B9B4A9700C2F7BE;
			productRefGroup = 498CFAD91B9B4A9700C2F7BE /* Products */;
			projectDirPath = "";
			projectRoot = "";
			targets = (
				498CFAD71B9B4A9700C2F7BE /* Homework 1 */,
			);
		};
/* End PBXProject section */

/* Begin PBXSourcesBuildPhase section */
		498CFAD41B9B4A9700C2F7BE /* Sources */ = {
			isa = PBXSourcesBuildPhase;
			buildActionMask = 2147483647;
			files = (
				49ED4D041BA0823600103B76 /* Argument.cpp in Sources */,
				49ED4D011BA0821D00103B76 /* main.cpp in Sources */,
			);
			runOnlyForDeploymentPostprocessing = 0;
		};
/* End PBXSourcesBuildPhase section */

/* Begin XCBuildConfiguration section */
		498CFADD1B9B4A9700C2F7BE /* Debug */ = {
			isa = XCBuildConfiguration;
			buildSettings = {
				ALWAYS_SEARCH_USER_PATHS = NO;
				CLANG_CXX_LANGUAGE_STANDARD = "gnu++0x";
				CLANG_CXX_LIBRARY = "libc++";
				CLANG_ENABLE_MODULES = YES;
				CLANG_ENABLE_OBJC_ARC = YES;
				CLANG_WARN_BOOL_CONVERSION = YES;
				CLANG_WARN_CONSTANT_CONVERSION = YES;
				CLANG_WARN_DIRECT_OBJC_ISA_USAGE = YES_ERROR;
				CLANG_WARN_EMPTY_BODY = YES;
				CLANG_WARN_ENUM_CONVERSION = YES;
				CLANG_WARN_INT_CONVERSION = YES;
				CLANG_WARN_OBJC_ROOT_CLASS = YES_ERROR;
				CLANG_WARN_UNREACHABLE_CODE = YES;
				CLANG_WARN__DUPLICATE_METHOD_MATCH = YES;
				COPY_PHASE_STRIP = NO;
				DEBUG_INFORMATION_FORMAT = dwarf;
				ENABLE_STRICT_OBJC_MSGSEND = YES;
				GCC_C_LANGUAGE_STANDARD = gnu99;
				GCC_DYNAMIC_NO_PIC = NO;
				GCC_NO_COMMON_BLOCKS = YES;
				GCC_OPTIMIZATION_LEVEL = 0;
				GCC_PREPROCESSOR_DEFINITIONS = (
					"DEBUG=1",
					"$(inherited)",
				);
				GCC_SYMBOLS_PRIVATE_EXTERN = NO;
				GCC_WARN_64_TO_32_BIT_CONVERSION = YES;
				GCC_WARN_ABOUT_RETURN_TYPE = YES_ERROR;
				GCC_WARN_UNDECLARED_SELECTOR = YES;
				GCC_WARN_UNINITIALIZED_AUTOS = YES_AGGRESSIVE;
				GCC_WARN_UNUSED_FUNCTION = YES;
				GCC_WARN_UNUSED_VARIABLE = YES;
				MACOSX_DEPLOYMENT_TARGET = 10.10;
				MTL_ENABLE_DEBUG_INFO = YES;
				ONLY_ACTIVE_ARCH = YES;
				SDKROOT = macosx;
			};
			name = Debug;
		};
		498CFADE1B9B4A9700C2F7BE /* Release */ = {
			isa = XCBuildConfiguration;
			buildSettings = {
				ALWAYS_SEARCH_USER_PATHS = NO;
				CLANG_CXX_LANGUAGE_STANDARD = "gnu++0x";
				CLANG_CXX_LIBRARY = "libc++";
				CLANG_ENABLE_MODULES = YES;
				CLANG_ENABLE_OBJC_ARC = YES;
				CLANG_WARN_BOOL_CONVERSION = YES;
				CLANG_WARN_CONSTANT_CONVERSION = YES;
				CLANG_WARN_DIRECT_OBJC_ISA_USAGE = YES_ERROR;
				CLANG_WARN_EMPTY_BODY = YES;
				CLANG_WARN_ENUM_CONVERSION = YES;
				CLANG_WARN_INT_CONVERSION = YES;
				CLANG_WARN_OBJC_ROOT_CLASS = YES_ERROR;
				CLANG_WARN_UNREACHABLE_CODE = YES;
				CLANG_WARN__DUPLICATE_METHOD_MATCH = YES;
				COPY_PHASE_STRIP = NO;
				DEBUG_INFORMATION_FORMAT = "dwarf-with-dsym";
				ENABLE_NS_ASSERTIONS = NO;
				ENABLE_STRICT_OBJC_MSGSEND = YES;
				GCC_C_LANGUAGE_STANDARD = gnu99;
				GCC_NO_COMMON_BLOCKS = YES;
				GCC_WARN_64_TO_32_BIT_CONVERSION = YES;
				GCC_WARN_ABOUT_RETURN_TYPE = YES_ERROR;
				GCC_WARN_UNDECLARED_SELECTOR = YES;
				GCC_WARN_UNINITIALIZED_AUTOS = YES_AGGRESSIVE;
				GCC_WARN_UNUSED_FUNCTION = YES;
				GCC_WARN_UNUSED_VARIABLE = YES;
				MACOSX_DEPLOYMENT_TARGET = 10.10;
				MTL_ENABLE_DEBUG_INFO = NO;
				SDKROOT = macosx;
			};
			name = Release;
		};
		498CFAE01B9B4A9700C2F7BE /* Debug */ = {
			isa = XCBuildConfiguration;
			buildSettings = {
				PRODUCT_NAME = "$(TARGET_NAME)";
			};
			name = Debug;
		};
		498CFAE11B9B4A9700C2F7BE /* Release */ = {
			isa = XCBuildConfiguration;
			buildSettings = {
				PRODUCT_NAME = "$(TARGET_NAME)";
			};
			name = Release;
		};
/* End XCBuildConfiguration section */

/* Begin XCConfigurationList section */
		498CFAD31B9B4A9700C2F7BE /* Build configuration list for PBXProject "Homework 1" */ = {
			isa = XCConfigurationList;
			buildConfigurations = (
				498CFADD1B9B4A9700C2F7BE /* Debug */,
				498CFADE1B9B4A9700C2F7BE /* Release */,
			);
			defaultConfigurationIsVisible = 0;
			defaultConfigurationName = Release;
		};
		498CFADF1B9B4A9700C2F7BE /* Build configuration list for PBXNativeTarget "Homework 1" */ = {
			isa = XCConfigurationList;
			buildConfigurations = (
				498CFAE01B9B4A9700C2F7BE /* Debug */,
				498CFAE11B9B4A9700C2F7BE /* Release */,
			);
			defaultConfigurationIsVisible = 0;
			defaultConfigurationName = Release;
		};
/* End XCConfigurationList section */
	};
	rootObject = 498CFAD01B9B4A9700C2F7BE /* Project object */;
}
