// !$*UTF8*$!
{
	archiveVersion = 1;
	classes = {
	};
	objectVersion = 46;
	objects = {

/* Begin PBXBuildFile section */
		490E5A891BBC35C300091F03 /* largetester.cpp in Sources */ = {isa = PBXBuildFile; fileRef = 490E5A861BBC35C300091F03 /* largetester.cpp */; settings = {ASSET_TAGS = (); }; };
		490E5A8A1BBC35C300091F03 /* smalltester.cpp in Sources */ = {isa = PBXBuildFile; fileRef = 490E5A881BBC35C300091F03 /* smalltester.cpp */; settings = {ASSET_TAGS = (); }; };
/* End PBXBuildFile section */

/* Begin PBXCopyFilesBuildPhase section */
		490E5A781BBC35A900091F03 /* CopyFiles */ = {
			isa = PBXCopyFilesBuildPhase;
			buildActionMask = 2147483647;
			dstPath = /usr/share/man/man1/;
			dstSubfolderSpec = 0;
			files = (
			);
			runOnlyForDeploymentPostprocessing = 1;
		};
/* End PBXCopyFilesBuildPhase section */

/* Begin PBXFileReference section */
		490E5A7A1BBC35AA00091F03 /* Homework #2 */ = {isa = PBXFileReference; explicitFileType = "compiled.mach-o.executable"; includeInIndex = 0; path = "Homework #2"; sourceTree = BUILT_PRODUCTS_DIR; };
		490E5A841BBC35C300091F03 /* arraylist.h */ = {isa = PBXFileReference; fileEncoding = 4; lastKnownFileType = sourcecode.c.h; path = arraylist.h; sourceTree = "<group>"; };
		490E5A861BBC35C300091F03 /* largetester.cpp */ = {isa = PBXFileReference; fileEncoding = 4; lastKnownFileType = sourcecode.cpp.cpp; path = largetester.cpp; sourceTree = "<group>"; };
		490E5A881BBC35C300091F03 /* smalltester.cpp */ = {isa = PBXFileReference; fileEncoding = 4; lastKnownFileType = sourcecode.cpp.cpp; path = smalltester.cpp; sourceTree = "<group>"; };
		490E5A8B1BBC367C00091F03 /* arraylist.hpp */ = {isa = PBXFileReference; fileEncoding = 4; lastKnownFileType = sourcecode.cpp.h; path = arraylist.hpp; sourceTree = "<group>"; };
/* End PBXFileReference section */

/* Begin PBXFrameworksBuildPhase section */
		490E5A771BBC35A900091F03 /* Frameworks */ = {
			isa = PBXFrameworksBuildPhase;
			buildActionMask = 2147483647;
			files = (
			);
			runOnlyForDeploymentPostprocessing = 0;
		};
/* End PBXFrameworksBuildPhase section */

/* Begin PBXGroup section */
		490E5A711BBC35A900091F03 = {
			isa = PBXGroup;
			children = (
				490E5A7C1BBC35AA00091F03 /* Homework #2 */,
				490E5A7B1BBC35AA00091F03 /* Products */,
			);
			sourceTree = "<group>";
		};
		490E5A7B1BBC35AA00091F03 /* Products */ = {
			isa = PBXGroup;
			children = (
				490E5A7A1BBC35AA00091F03 /* Homework #2 */,
			);
			name = Products;
			sourceTree = "<group>";
		};
		490E5A7C1BBC35AA00091F03 /* Homework #2 */ = {
			isa = PBXGroup;
			children = (
				490E5A841BBC35C300091F03 /* arraylist.h */,
				490E5A8B1BBC367C00091F03 /* arraylist.hpp */,
				490E5A861BBC35C300091F03 /* largetester.cpp */,
				490E5A881BBC35C300091F03 /* smalltester.cpp */,
			);
			path = "Homework #2";
			sourceTree = "<group>";
		};
/* End PBXGroup section */

/* Begin PBXNativeTarget section */
		490E5A791BBC35A900091F03 /* Homework #2 */ = {
			isa = PBXNativeTarget;
			buildConfigurationList = 490E5A811BBC35AA00091F03 /* Build configuration list for PBXNativeTarget "Homework #2" */;
			buildPhases = (
				490E5A761BBC35A900091F03 /* Sources */,
				490E5A771BBC35A900091F03 /* Frameworks */,
				490E5A781BBC35A900091F03 /* CopyFiles */,
			);
			buildRules = (
			);
			dependencies = (
			);
			name = "Homework #2";
			productName = "Homework #2";
			productReference = 490E5A7A1BBC35AA00091F03 /* Homework #2 */;
			productType = "com.apple.product-type.tool";
		};
/* End PBXNativeTarget section */

/* Begin PBXProject section */
		490E5A721BBC35A900091F03 /* Project object */ = {
			isa = PBXProject;
			attributes = {
				LastUpgradeCheck = 0700;
				ORGANIZATIONNAME = "Illya Starikov";
				TargetAttributes = {
					490E5A791BBC35A900091F03 = {
						CreatedOnToolsVersion = 7.0.1;
					};
				};
			};
			buildConfigurationList = 490E5A751BBC35A900091F03 /* Build configuration list for PBXProject "Homework #2" */;
			compatibilityVersion = "Xcode 3.2";
			developmentRegion = English;
			hasScannedForEncodings = 0;
			knownRegions = (
				en,
			);
			mainGroup = 490E5A711BBC35A900091F03;
			productRefGroup = 490E5A7B1BBC35AA00091F03 /* Products */;
			projectDirPath = "";
			projectRoot = "";
			targets = (
				490E5A791BBC35A900091F03 /* Homework #2 */,
			);
		};
/* End PBXProject section */

/* Begin PBXSourcesBuildPhase section */
		490E5A761BBC35A900091F03 /* Sources */ = {
			isa = PBXSourcesBuildPhase;
			buildActionMask = 2147483647;
			files = (
				490E5A891BBC35C300091F03 /* largetester.cpp in Sources */,
				490E5A8A1BBC35C300091F03 /* smalltester.cpp in Sources */,
			);
			runOnlyForDeploymentPostprocessing = 0;
		};
/* End PBXSourcesBuildPhase section */

/* Begin XCBuildConfiguration section */
		490E5A7F1BBC35AA00091F03 /* Debug */ = {
			isa = XCBuildConfiguration;
			buildSettings = {
				ALWAYS_SEARCH_USER_PATHS = NO;
				CLANG_CXX_LANGUAGE_STANDARD = "gnu++0x";
				CLANG_CXX_LIBRARY = "libc++";
				CLANG_ENABLE_MODULES = YES;
				CLANG_ENABLE_OBJC_ARC = YES;
				CLANG_WARN_BOOL_CONVERSION = YES;
				CLANG_WARN_CONSTANT_CONVERSION = YES;
				CLANG_WARN_DIRECT_OBJC_ISA_USAGE = YES_ERROR;
				CLANG_WARN_EMPTY_BODY = YES;
				CLANG_WARN_ENUM_CONVERSION = YES;
				CLANG_WARN_INT_CONVERSION = YES;
				CLANG_WARN_OBJC_ROOT_CLASS = YES_ERROR;
				CLANG_WARN_UNREACHABLE_CODE = YES;
				CLANG_WARN__DUPLICATE_METHOD_MATCH = YES;
				COPY_PHASE_STRIP = NO;
				DEBUG_INFORMATION_FORMAT = dwarf;
				ENABLE_STRICT_OBJC_MSGSEND = YES;
				ENABLE_TESTABILITY = YES;
				GCC_C_LANGUAGE_STANDARD = gnu99;
				GCC_DYNAMIC_NO_PIC = NO;
				GCC_NO_COMMON_BLOCKS = YES;
				GCC_OPTIMIZATION_LEVEL = 0;
				GCC_PREPROCESSOR_DEFINITIONS = (
					"DEBUG=1",
					"$(inherited)",
				);
				GCC_WARN_64_TO_32_BIT_CONVERSION = YES;
				GCC_WARN_ABOUT_RETURN_TYPE = YES_ERROR;
				GCC_WARN_UNDECLARED_SELECTOR = YES;
				GCC_WARN_UNINITIALIZED_AUTOS = YES_AGGRESSIVE;
				GCC_WARN_UNUSED_FUNCTION = YES;
				GCC_WARN_UNUSED_VARIABLE = YES;
				MACOSX_DEPLOYMENT_TARGET = 10.10;
				MTL_ENABLE_DEBUG_INFO = YES;
				ONLY_ACTIVE_ARCH = YES;
				SDKROOT = macosx;
			};
			name = Debug;
		};
		490E5A801BBC35AA00091F03 /* Release */ = {
			isa = XCBuildConfiguration;
			buildSettings = {
				ALWAYS_SEARCH_USER_PATHS = NO;
				CLANG_CXX_LANGUAGE_STANDARD = "gnu++0x";
				CLANG_CXX_LIBRARY = "libc++";
				CLANG_ENABLE_MODULES = YES;
				CLANG_ENABLE_OBJC_ARC = YES;
				CLANG_WARN_BOOL_CONVERSION = YES;
				CLANG_WARN_CONSTANT_CONVERSION = YES;
				CLANG_WARN_DIRECT_OBJC_ISA_USAGE = YES_ERROR;
				CLANG_WARN_EMPTY_BODY = YES;
				CLANG_WARN_ENUM_CONVERSION = YES;
				CLANG_WARN_INT_CONVERSION = YES;
				CLANG_WARN_OBJC_ROOT_CLASS = YES_ERROR;
				CLANG_WARN_UNREACHABLE_CODE = YES;
				CLANG_WARN__DUPLICATE_METHOD_MATCH = YES;
				COPY_PHASE_STRIP = NO;
				DEBUG_INFORMATION_FORMAT = "dwarf-with-dsym";
				ENABLE_NS_ASSERTIONS = NO;
				ENABLE_STRICT_OBJC_MSGSEND = YES;
				GCC_C_LANGUAGE_STANDARD = gnu99;
				GCC_NO_COMMON_BLOCKS = YES;
				GCC_WARN_64_TO_32_BIT_CONVERSION = YES;
				GCC_WARN_ABOUT_RETURN_TYPE = YES_ERROR;
				GCC_WARN_UNDECLARED_SELECTOR = YES;
				GCC_WARN_UNINITIALIZED_AUTOS = YES_AGGRESSIVE;
				GCC_WARN_UNUSED_FUNCTION = YES;
				GCC_WARN_UNUSED_VARIABLE = YES;
				MACOSX_DEPLOYMENT_TARGET = 10.10;
				MTL_ENABLE_DEBUG_INFO = NO;
				SDKROOT = macosx;
			};
			name = Release;
		};
		490E5A821BBC35AA00091F03 /* Debug */ = {
			isa = XCBuildConfiguration;
			buildSettings = {
				PRODUCT_NAME = "$(TARGET_NAME)";
			};
			name = Debug;
		};
		490E5A831BBC35AA00091F03 /* Release */ = {
			isa = XCBuildConfiguration;
			buildSettings = {
				PRODUCT_NAME = "$(TARGET_NAME)";
			};
			name = Release;
		};
/* End XCBuildConfiguration section */

/* Begin XCConfigurationList section */
		490E5A751BBC35A900091F03 /* Build configuration list for PBXProject "Homework #2" */ = {
			isa = XCConfigurationList;
			buildConfigurations = (
				490E5A7F1BBC35AA00091F03 /* Debug */,
				490E5A801BBC35AA00091F03 /* Release */,
			);
			defaultConfigurationIsVisible = 0;
			defaultConfigurationName = Release;
		};
		490E5A811BBC35AA00091F03 /* Build configuration list for PBXNativeTarget "Homework #2" */ = {
			isa = XCConfigurationList;
			buildConfigurations = (
				490E5A821BBC35AA00091F03 /* Debug */,
				490E5A831BBC35AA00091F03 /* Release */,
			);
			defaultConfigurationIsVisible = 0;
			defaultConfigurationName = Release;
		};
/* End XCConfigurationList section */
	};
	rootObject = 490E5A721BBC35A900091F03 /* Project object */;
}
