// !$*UTF8*$!
{
	archiveVersion = 1;
	classes = {
	};
	objectVersion = 46;
	objects = {

/* Begin PBXBuildFile section */
		49020AD31ADC320000F1EE93 /* Functions.cpp in Sources */ = {isa = PBXBuildFile; fileRef = 49020AD11ADC320000F1EE93 /* Functions.cpp */; };
		49030DC61AF3DD350026AC81 /* Agent.cpp in Sources */ = {isa = PBXBuildFile; fileRef = 49030DC41AF3DD350026AC81 /* Agent.cpp */; };
		49954B391AEC717E0007D714 /* Judicial.cpp in Sources */ = {isa = PBXBuildFile; fileRef = 49954B371AEC717E0007D714 /* Judicial.cpp */; };
		49DBFCAD1ADAC631004E09D5 /* main.cpp in Sources */ = {isa = PBXBuildFile; fileRef = 49DBFCAC1ADAC631004E09D5 /* main.cpp */; };
		49DBFCB51ADAC768004E09D5 /* Resident.cpp in Sources */ = {isa = PBXBuildFile; fileRef = 49DBFCB31ADAC768004E09D5 /* Resident.cpp */; };
		49E4B6D41ADB3F47002B5898 /* CrimeRoom.cpp in Sources */ = {isa = PBXBuildFile; fileRef = 49E4B6D21ADB3F47002B5898 /* CrimeRoom.cpp */; };
/* End PBXBuildFile section */

/* Begin PBXCopyFilesBuildPhase section */
		49DBFCA71ADAC631004E09D5 /* CopyFiles */ = {
			isa = PBXCopyFilesBuildPhase;
			buildActionMask = 2147483647;
			dstPath = /usr/share/man/man1/;
			dstSubfolderSpec = 0;
			files = (
			);
			runOnlyForDeploymentPostprocessing = 1;
		};
/* End PBXCopyFilesBuildPhase section */

/* Begin PBXFileReference section */
		49020AD01ADBF2BA00F1EE93 /* Constants.h */ = {isa = PBXFileReference; lastKnownFileType = sourcecode.c.h; path = Constants.h; sourceTree = "<group>"; };
		49020AD11ADC320000F1EE93 /* Functions.cpp */ = {isa = PBXFileReference; fileEncoding = 4; lastKnownFileType = sourcecode.cpp.cpp; path = Functions.cpp; sourceTree = "<group>"; };
		49020AD21ADC320000F1EE93 /* Functions.h */ = {isa = PBXFileReference; fileEncoding = 4; lastKnownFileType = sourcecode.c.h; path = Functions.h; sourceTree = "<group>"; };
		49030DC41AF3DD350026AC81 /* Agent.cpp */ = {isa = PBXFileReference; fileEncoding = 4; lastKnownFileType = sourcecode.cpp.cpp; path = Agent.cpp; sourceTree = "<group>"; };
		49030DC51AF3DD350026AC81 /* Agent.h */ = {isa = PBXFileReference; fileEncoding = 4; lastKnownFileType = sourcecode.c.h; path = Agent.h; sourceTree = "<group>"; };
		4987E1A41AE5EB480095ABA7 /* Forensic Data.h */ = {isa = PBXFileReference; fileEncoding = 4; lastKnownFileType = sourcecode.c.h; path = "Forensic Data.h"; sourceTree = "<group>"; };
		49954B371AEC717E0007D714 /* Judicial.cpp */ = {isa = PBXFileReference; fileEncoding = 4; lastKnownFileType = sourcecode.cpp.cpp; path = Judicial.cpp; sourceTree = "<group>"; };
		49954B381AEC717E0007D714 /* Judicial.h */ = {isa = PBXFileReference; fileEncoding = 4; lastKnownFileType = sourcecode.c.h; path = Judicial.h; sourceTree = "<group>"; };
		49DBFCA91ADAC631004E09D5 /* Final Boss */ = {isa = PBXFileReference; explicitFileType = "compiled.mach-o.executable"; includeInIndex = 0; path = "Final Boss"; sourceTree = BUILT_PRODUCTS_DIR; };
		49DBFCAC1ADAC631004E09D5 /* main.cpp */ = {isa = PBXFileReference; lastKnownFileType = sourcecode.cpp.cpp; path = main.cpp; sourceTree = "<group>"; };
		49DBFCB31ADAC768004E09D5 /* Resident.cpp */ = {isa = PBXFileReference; fileEncoding = 4; lastKnownFileType = sourcecode.cpp.cpp; path = Resident.cpp; sourceTree = "<group>"; };
		49DBFCB41ADAC768004E09D5 /* Resident.h */ = {isa = PBXFileReference; explicitFileType = sourcecode.cpp.h; fileEncoding = 4; path = Resident.h; sourceTree = "<group>"; };
		49E4B6D21ADB3F47002B5898 /* CrimeRoom.cpp */ = {isa = PBXFileReference; fileEncoding = 4; lastKnownFileType = sourcecode.cpp.cpp; path = CrimeRoom.cpp; sourceTree = "<group>"; };
		49E4B6D31ADB3F47002B5898 /* CrimeRoom.h */ = {isa = PBXFileReference; fileEncoding = 4; lastKnownFileType = sourcecode.c.h; path = CrimeRoom.h; sourceTree = "<group>"; };
/* End PBXFileReference section */

/* Begin PBXFrameworksBuildPhase section */
		49DBFCA61ADAC631004E09D5 /* Frameworks */ = {
			isa = PBXFrameworksBuildPhase;
			buildActionMask = 2147483647;
			files = (
			);
			runOnlyForDeploymentPostprocessing = 0;
		};
/* End PBXFrameworksBuildPhase section */

/* Begin PBXGroup section */
		49DBFCA01ADAC631004E09D5 = {
			isa = PBXGroup;
			children = (
				49DBFCAB1ADAC631004E09D5 /* Final Boss */,
				49DBFCAA1ADAC631004E09D5 /* Products */,
			);
			sourceTree = "<group>";
		};
		49DBFCAA1ADAC631004E09D5 /* Products */ = {
			isa = PBXGroup;
			children = (
				49DBFCA91ADAC631004E09D5 /* Final Boss */,
			);
			name = Products;
			sourceTree = "<group>";
		};
		49DBFCAB1ADAC631004E09D5 /* Final Boss */ = {
			isa = PBXGroup;
			children = (
				49020AD01ADBF2BA00F1EE93 /* Constants.h */,
				49E4B6D21ADB3F47002B5898 /* CrimeRoom.cpp */,
				49E4B6D31ADB3F47002B5898 /* CrimeRoom.h */,
				49030DC41AF3DD350026AC81 /* Agent.cpp */,
				49030DC51AF3DD350026AC81 /* Agent.h */,
				4987E1A41AE5EB480095ABA7 /* Forensic Data.h */,
				49020AD11ADC320000F1EE93 /* Functions.cpp */,
				49020AD21ADC320000F1EE93 /* Functions.h */,
				49954B371AEC717E0007D714 /* Judicial.cpp */,
				49954B381AEC717E0007D714 /* Judicial.h */,
				49DBFCAC1ADAC631004E09D5 /* main.cpp */,
				49DBFCB31ADAC768004E09D5 /* Resident.cpp */,
				49DBFCB41ADAC768004E09D5 /* Resident.h */,
			);
			path = "Final Boss";
			sourceTree = "<group>";
		};
/* End PBXGroup section */

/* Begin PBXNativeTarget section */
		49DBFCA81ADAC631004E09D5 /* Final Boss */ = {
			isa = PBXNativeTarget;
			buildConfigurationList = 49DBFCB01ADAC632004E09D5 /* Build configuration list for PBXNativeTarget "Final Boss" */;
			buildPhases = (
				49DBFCA51ADAC631004E09D5 /* Sources */,
				49DBFCA61ADAC631004E09D5 /* Frameworks */,
				49DBFCA71ADAC631004E09D5 /* CopyFiles */,
			);
			buildRules = (
			);
			dependencies = (
			);
			name = "Final Boss";
			productName = "Final Boss";
			productReference = 49DBFCA91ADAC631004E09D5 /* Final Boss */;
			productType = "com.apple.product-type.tool";
		};
/* End PBXNativeTarget section */

/* Begin PBXProject section */
		49DBFCA11ADAC631004E09D5 /* Project object */ = {
			isa = PBXProject;
			attributes = {
				LastUpgradeCheck = 0630;
				ORGANIZATIONNAME = "Illya Starikov";
				TargetAttributes = {
					49DBFCA81ADAC631004E09D5 = {
						CreatedOnToolsVersion = 6.3;
					};
				};
			};
			buildConfigurationList = 49DBFCA41ADAC631004E09D5 /* Build configuration list for PBXProject "Final Boss" */;
			compatibilityVersion = "Xcode 3.2";
			developmentRegion = English;
			hasScannedForEncodings = 0;
			knownRegions = (
				en,
			);
			mainGroup = 49DBFCA01ADAC631004E09D5;
			productRefGroup = 49DBFCAA1ADAC631004E09D5 /* Products */;
			projectDirPath = "";
			projectRoot = "";
			targets = (
				49DBFCA81ADAC631004E09D5 /* Final Boss */,
			);
		};
/* End PBXProject section */

/* Begin PBXSourcesBuildPhase section */
		49DBFCA51ADAC631004E09D5 /* Sources */ = {
			isa = PBXSourcesBuildPhase;
			buildActionMask = 2147483647;
			files = (
				49954B391AEC717E0007D714 /* Judicial.cpp in Sources */,
				49DBFCAD1ADAC631004E09D5 /* main.cpp in Sources */,
				49E4B6D41ADB3F47002B5898 /* CrimeRoom.cpp in Sources */,
				49DBFCB51ADAC768004E09D5 /* Resident.cpp in Sources */,
				49030DC61AF3DD350026AC81 /* Agent.cpp in Sources */,
				49020AD31ADC320000F1EE93 /* Functions.cpp in Sources */,
			);
			runOnlyForDeploymentPostprocessing = 0;
		};
/* End PBXSourcesBuildPhase section */

/* Begin XCBuildConfiguration section */
		49DBFCAE1ADAC632004E09D5 /* Debug */ = {
			isa = XCBuildConfiguration;
			buildSettings = {
				ALWAYS_SEARCH_USER_PATHS = NO;
				CLANG_CXX_LANGUAGE_STANDARD = "gnu++0x";
				CLANG_CXX_LIBRARY = "libc++";
				CLANG_ENABLE_MODULES = YES;
				CLANG_ENABLE_OBJC_ARC = YES;
				CLANG_WARN_BOOL_CONVERSION = YES;
				CLANG_WARN_CONSTANT_CONVERSION = YES;
				CLANG_WARN_DIRECT_OBJC_ISA_USAGE = YES_ERROR;
				CLANG_WARN_EMPTY_BODY = YES;
				CLANG_WARN_ENUM_CONVERSION = YES;
				CLANG_WARN_INT_CONVERSION = YES;
				CLANG_WARN_OBJC_ROOT_CLASS = YES_ERROR;
				CLANG_WARN_UNREACHABLE_CODE = YES;
				CLANG_WARN__DUPLICATE_METHOD_MATCH = YES;
				COPY_PHASE_STRIP = NO;
				DEBUG_INFORMATION_FORMAT = dwarf;
				ENABLE_STRICT_OBJC_MSGSEND = YES;
				GCC_C_LANGUAGE_STANDARD = gnu99;
				GCC_DYNAMIC_NO_PIC = NO;
				GCC_NO_COMMON_BLOCKS = YES;
				GCC_OPTIMIZATION_LEVEL = 0;
				GCC_PREPROCESSOR_DEFINITIONS = (
					"DEBUG=1",
					"$(inherited)",
				);
				GCC_SYMBOLS_PRIVATE_EXTERN = NO;
				GCC_WARN_64_TO_32_BIT_CONVERSION = YES;
				GCC_WARN_ABOUT_RETURN_TYPE = YES_ERROR;
				GCC_WARN_UNDECLARED_SELECTOR = YES;
				GCC_WARN_UNINITIALIZED_AUTOS = YES_AGGRESSIVE;
				GCC_WARN_UNUSED_FUNCTION = YES;
				GCC_WARN_UNUSED_VARIABLE = YES;
				MACOSX_DEPLOYMENT_TARGET = 10.10;
				MTL_ENABLE_DEBUG_INFO = YES;
				ONLY_ACTIVE_ARCH = YES;
				SDKROOT = macosx;
			};
			name = Debug;
		};
		49DBFCAF1ADAC632004E09D5 /* Release */ = {
			isa = XCBuildConfiguration;
			buildSettings = {
				ALWAYS_SEARCH_USER_PATHS = NO;
				CLANG_CXX_LANGUAGE_STANDARD = "gnu++0x";
				CLANG_CXX_LIBRARY = "libc++";
				CLANG_ENABLE_MODULES = YES;
				CLANG_ENABLE_OBJC_ARC = YES;
				CLANG_WARN_BOOL_CONVERSION = YES;
				CLANG_WARN_CONSTANT_CONVERSION = YES;
				CLANG_WARN_DIRECT_OBJC_ISA_USAGE = YES_ERROR;
				CLANG_WARN_EMPTY_BODY = YES;
				CLANG_WARN_ENUM_CONVERSION = YES;
				CLANG_WARN_INT_CONVERSION = YES;
				CLANG_WARN_OBJC_ROOT_CLASS = YES_ERROR;
				CLANG_WARN_UNREACHABLE_CODE = YES;
				CLANG_WARN__DUPLICATE_METHOD_MATCH = YES;
				COPY_PHASE_STRIP = NO;
				DEBUG_INFORMATION_FORMAT = "dwarf-with-dsym";
				ENABLE_NS_ASSERTIONS = NO;
				ENABLE_STRICT_OBJC_MSGSEND = YES;
				GCC_C_LANGUAGE_STANDARD = gnu99;
				GCC_NO_COMMON_BLOCKS = YES;
				GCC_WARN_64_TO_32_BIT_CONVERSION = YES;
				GCC_WARN_ABOUT_RETURN_TYPE = YES_ERROR;
				GCC_WARN_UNDECLARED_SELECTOR = YES;
				GCC_WARN_UNINITIALIZED_AUTOS = YES_AGGRESSIVE;
				GCC_WARN_UNUSED_FUNCTION = YES;
				GCC_WARN_UNUSED_VARIABLE = YES;
				MACOSX_DEPLOYMENT_TARGET = 10.10;
				MTL_ENABLE_DEBUG_INFO = NO;
				SDKROOT = macosx;
			};
			name = Release;
		};
		49DBFCB11ADAC632004E09D5 /* Debug */ = {
			isa = XCBuildConfiguration;
			buildSettings = {
				PRODUCT_NAME = "$(TARGET_NAME)";
			};
			name = Debug;
		};
		49DBFCB21ADAC632004E09D5 /* Release */ = {
			isa = XCBuildConfiguration;
			buildSettings = {
				PRODUCT_NAME = "$(TARGET_NAME)";
			};
			name = Release;
		};
/* End XCBuildConfiguration section */

/* Begin XCConfigurationList section */
		49DBFCA41ADAC631004E09D5 /* Build configuration list for PBXProject "Final Boss" */ = {
			isa = XCConfigurationList;
			buildConfigurations = (
				49DBFCAE1ADAC632004E09D5 /* Debug */,
				49DBFCAF1ADAC632004E09D5 /* Release */,
			);
			defaultConfigurationIsVisible = 0;
			defaultConfigurationName = Release;
		};
		49DBFCB01ADAC632004E09D5 /* Build configuration list for PBXNativeTarget "Final Boss" */ = {
			isa = XCConfigurationList;
			buildConfigurations = (
				49DBFCB11ADAC632004E09D5 /* Debug */,
				49DBFCB21ADAC632004E09D5 /* Release */,
			);
			defaultConfigurationIsVisible = 0;
			defaultConfigurationName = Release;
		};
/* End XCConfigurationList section */
	};
	rootObject = 49DBFCA11ADAC631004E09D5 /* Project object */;
}
