// !$*UTF8*$!
{
	archiveVersion = 1;
	classes = {
	};
	objectVersion = 46;
	objects = {

/* Begin PBXBuildFile section */
		49B308091F818916005A84E3 /* User.swift in Sources */ = {isa = PBXBuildFile; fileRef = 49B308081F818916005A84E3 /* User.swift */; };
		49B3080B1F81C309005A84E3 /* Map.swift in Sources */ = {isa = PBXBuildFile; fileRef = 49B3080A1F81C309005A84E3 /* Map.swift */; };
		661250191F79322500563046 /* GameMenuView.swift in Sources */ = {isa = PBXBuildFile; fileRef = 661250181F79322500563046 /* GameMenuView.swift */; };
		6612501B1F793CBB00563046 /* GameMenuItem.swift in Sources */ = {isa = PBXBuildFile; fileRef = 6612501A1F793CBB00563046 /* GameMenuItem.swift */; };
		661256231F7D84C90024A288 /* GameMenuItemType.swift in Sources */ = {isa = PBXBuildFile; fileRef = 661256221F7D84C90024A288 /* GameMenuItemType.swift */; };
		661256251F7D91930024A288 /* Data.swift in Sources */ = {isa = PBXBuildFile; fileRef = 661256241F7D91930024A288 /* Data.swift */; };
		661B61101F58C7FD0066890B /* PixelUpdate.swift in Sources */ = {isa = PBXBuildFile; fileRef = 661B610F1F58C7FD0066890B /* PixelUpdate.swift */; };
		6635C96C1F5637B200AC77B7 /* AppDelegate.swift in Sources */ = {isa = PBXBuildFile; fileRef = 6635C96B1F5637B200AC77B7 /* AppDelegate.swift */; };
		6635C9731F5637B200AC77B7 /* Assets.xcassets in Resources */ = {isa = PBXBuildFile; fileRef = 6635C9721F5637B200AC77B7 /* Assets.xcassets */; };
		6635C9761F5637B200AC77B7 /* LaunchScreen.storyboard in Resources */ = {isa = PBXBuildFile; fileRef = 6635C9741F5637B200AC77B7 /* LaunchScreen.storyboard */; };
		6635C97E1F56382C00AC77B7 /* Main.storyboard in Resources */ = {isa = PBXBuildFile; fileRef = 6635C97D1F56382C00AC77B7 /* Main.storyboard */; };
		6635C9871F5638B100AC77B7 /* backArrow.png in Resources */ = {isa = PBXBuildFile; fileRef = 6635C9841F5638B100AC77B7 /* backArrow.png */; };
		6635C9881F5638B100AC77B7 /* black.png in Resources */ = {isa = PBXBuildFile; fileRef = 6635C9851F5638B100AC77B7 /* black.png */; };
		6635C9891F5638B100AC77B7 /* blank.png in Resources */ = {isa = PBXBuildFile; fileRef = 6635C9861F5638B100AC77B7 /* blank.png */; };
		6635C98C1F5638B700AC77B7 /* itemIconBomb.png in Resources */ = {isa = PBXBuildFile; fileRef = 6635C98A1F5638B700AC77B7 /* itemIconBomb.png */; };
		6635C98D1F5638B700AC77B7 /* itemIconGeneric.png in Resources */ = {isa = PBXBuildFile; fileRef = 6635C98B1F5638B700AC77B7 /* itemIconGeneric.png */; };
		6635C98F1F5638F300AC77B7 /* GPSManager.swift in Sources */ = {isa = PBXBuildFile; fileRef = 6635C98E1F5638F300AC77B7 /* GPSManager.swift */; };
		6635C9911F56510400AC77B7 /* ServerAPI.swift in Sources */ = {isa = PBXBuildFile; fileRef = 6635C9901F56510400AC77B7 /* ServerAPI.swift */; };
		6635C9951F5651D500AC77B7 /* GameBoard.swift in Sources */ = {isa = PBXBuildFile; fileRef = 6635C9941F5651D500AC77B7 /* GameBoard.swift */; };
		6635C9971F56523900AC77B7 /* GameTypes.swift in Sources */ = {isa = PBXBuildFile; fileRef = 6635C9961F56523900AC77B7 /* GameTypes.swift */; };
		6635C9991F5659F400AC77B7 /* Game.swift in Sources */ = {isa = PBXBuildFile; fileRef = 6635C9981F5659F400AC77B7 /* Game.swift */; };
		6635C99B1F565A8C00AC77B7 /* Item.swift in Sources */ = {isa = PBXBuildFile; fileRef = 6635C99A1F565A8C00AC77B7 /* Item.swift */; };
		6635C99D1F56F78700AC77B7 /* Player.swift in Sources */ = {isa = PBXBuildFile; fileRef = 6635C99C1F56F78700AC77B7 /* Player.swift */; };
		6635C99F1F57337400AC77B7 /* MenuViewController.swift in Sources */ = {isa = PBXBuildFile; fileRef = 6635C99E1F57337400AC77B7 /* MenuViewController.swift */; };
		6635C9A11F57349A00AC77B7 /* JoinLobbyViewController.swift in Sources */ = {isa = PBXBuildFile; fileRef = 6635C9A01F57349A00AC77B7 /* JoinLobbyViewController.swift */; };
		6635C9A31F5734D900AC77B7 /* LoadingGameViewController.swift in Sources */ = {isa = PBXBuildFile; fileRef = 6635C9A21F5734D900AC77B7 /* LoadingGameViewController.swift */; };
		6635C9A51F573D1500AC77B7 /* GameViewController.swift in Sources */ = {isa = PBXBuildFile; fileRef = 6635C9A41F573D1500AC77B7 /* GameViewController.swift */; };
		6635C9A81F573DBF00AC77B7 /* ItemPickerView.swift in Sources */ = {isa = PBXBuildFile; fileRef = 6635C9A71F573DBF00AC77B7 /* ItemPickerView.swift */; };
		6635C9AA1F574FBF00AC77B7 /* MyUtilities.swift in Sources */ = {isa = PBXBuildFile; fileRef = 6635C9A91F574FBF00AC77B7 /* MyUtilities.swift */; };
		66655AC11F5B9B68003BE322 /* BoardOverlayRenderer.swift in Sources */ = {isa = PBXBuildFile; fileRef = 66655AC01F5B9B68003BE322 /* BoardOverlayRenderer.swift */; };
		66655AC31F5C6200003BE322 /* BoardOverlay.swift in Sources */ = {isa = PBXBuildFile; fileRef = 66655AC21F5C6200003BE322 /* BoardOverlay.swift */; };
		668C1DF51F688F3B00CD6016 /* Minimap.swift in Sources */ = {isa = PBXBuildFile; fileRef = 668C1DF41F688F3B00CD6016 /* Minimap.swift */; };
		668C1DF71F69618E00CD6016 /* GameMapView.swift in Sources */ = {isa = PBXBuildFile; fileRef = 668C1DF61F69618E00CD6016 /* GameMapView.swift */; };
		66EF76C51F80188E000683DB /* OptionsViewController.swift in Sources */ = {isa = PBXBuildFile; fileRef = 66EF76C41F80188E000683DB /* OptionsViewController.swift */; };
/* End PBXBuildFile section */

/* Begin PBXFileReference section */
		49B308081F818916005A84E3 /* User.swift */ = {isa = PBXFileReference; lastKnownFileType = sourcecode.swift; path = User.swift; sourceTree = "<group>"; };
		49B3080A1F81C309005A84E3 /* Map.swift */ = {isa = PBXFileReference; lastKnownFileType = sourcecode.swift; path = Map.swift; sourceTree = "<group>"; };
		661250181F79322500563046 /* GameMenuView.swift */ = {isa = PBXFileReference; fileEncoding = 4; lastKnownFileType = sourcecode.swift; path = GameMenuView.swift; sourceTree = "<group>"; };
		6612501A1F793CBB00563046 /* GameMenuItem.swift */ = {isa = PBXFileReference; fileEncoding = 4; lastKnownFileType = sourcecode.swift; path = GameMenuItem.swift; sourceTree = "<group>"; };
		661256221F7D84C90024A288 /* GameMenuItemType.swift */ = {isa = PBXFileReference; lastKnownFileType = sourcecode.swift; path = GameMenuItemType.swift; sourceTree = "<group>"; };
		661256241F7D91930024A288 /* Data.swift */ = {isa = PBXFileReference; lastKnownFileType = sourcecode.swift; path = Data.swift; sourceTree = "<group>"; };
		661B610F1F58C7FD0066890B /* PixelUpdate.swift */ = {isa = PBXFileReference; fileEncoding = 4; lastKnownFileType = sourcecode.swift; path = PixelUpdate.swift; sourceTree = "<group>"; };
		6635C9681F5637B200AC77B7 /* Splatoonio.app */ = {isa = PBXFileReference; explicitFileType = wrapper.application; includeInIndex = 0; path = Splatoonio.app; sourceTree = BUILT_PRODUCTS_DIR; };
		6635C96B1F5637B200AC77B7 /* AppDelegate.swift */ = {isa = PBXFileReference; lastKnownFileType = sourcecode.swift; path = AppDelegate.swift; sourceTree = "<group>"; };
		6635C9721F5637B200AC77B7 /* Assets.xcassets */ = {isa = PBXFileReference; lastKnownFileType = folder.assetcatalog; path = Assets.xcassets; sourceTree = "<group>"; };
		6635C9751F5637B200AC77B7 /* Base */ = {isa = PBXFileReference; lastKnownFileType = file.storyboard; name = Base; path = Base.lproj/LaunchScreen.storyboard; sourceTree = "<group>"; };
		6635C9771F5637B200AC77B7 /* Info.plist */ = {isa = PBXFileReference; lastKnownFileType = text.plist.xml; path = Info.plist; sourceTree = "<group>"; };
		6635C97D1F56382C00AC77B7 /* Main.storyboard */ = {isa = PBXFileReference; fileEncoding = 4; lastKnownFileType = file.storyboard; path = Main.storyboard; sourceTree = "<group>"; };
		6635C9841F5638B100AC77B7 /* backArrow.png */ = {isa = PBXFileReference; lastKnownFileType = image.png; path = backArrow.png; sourceTree = "<group>"; };
		6635C9851F5638B100AC77B7 /* black.png */ = {isa = PBXFileReference; lastKnownFileType = image.png; path = black.png; sourceTree = "<group>"; };
		6635C9861F5638B100AC77B7 /* blank.png */ = {isa = PBXFileReference; lastKnownFileType = image.png; path = blank.png; sourceTree = "<group>"; };
		6635C98A1F5638B700AC77B7 /* itemIconBomb.png */ = {isa = PBXFileReference; lastKnownFileType = image.png; path = itemIconBomb.png; sourceTree = "<group>"; };
		6635C98B1F5638B700AC77B7 /* itemIconGeneric.png */ = {isa = PBXFileReference; lastKnownFileType = image.png; path = itemIconGeneric.png; sourceTree = "<group>"; };
		6635C98E1F5638F300AC77B7 /* GPSManager.swift */ = {isa = PBXFileReference; fileEncoding = 4; lastKnownFileType = sourcecode.swift; path = GPSManager.swift; sourceTree = "<group>"; };
		6635C9901F56510400AC77B7 /* ServerAPI.swift */ = {isa = PBXFileReference; fileEncoding = 4; lastKnownFileType = sourcecode.swift; path = ServerAPI.swift; sourceTree = "<group>"; };
		6635C9941F5651D500AC77B7 /* GameBoard.swift */ = {isa = PBXFileReference; fileEncoding = 4; lastKnownFileType = sourcecode.swift; path = GameBoard.swift; sourceTree = "<group>"; };
		6635C9961F56523900AC77B7 /* GameTypes.swift */ = {isa = PBXFileReference; fileEncoding = 4; lastKnownFileType = sourcecode.swift; path = GameTypes.swift; sourceTree = "<group>"; };
		6635C9981F5659F400AC77B7 /* Game.swift */ = {isa = PBXFileReference; fileEncoding = 4; lastKnownFileType = sourcecode.swift; path = Game.swift; sourceTree = "<group>"; };
		6635C99A1F565A8C00AC77B7 /* Item.swift */ = {isa = PBXFileReference; fileEncoding = 4; lastKnownFileType = sourcecode.swift; path = Item.swift; sourceTree = "<group>"; };
		6635C99C1F56F78700AC77B7 /* Player.swift */ = {isa = PBXFileReference; fileEncoding = 4; lastKnownFileType = sourcecode.swift; path = Player.swift; sourceTree = "<group>"; };
		6635C99E1F57337400AC77B7 /* MenuViewController.swift */ = {isa = PBXFileReference; fileEncoding = 4; lastKnownFileType = sourcecode.swift; path = MenuViewController.swift; sourceTree = "<group>"; };
		6635C9A01F57349A00AC77B7 /* JoinLobbyViewController.swift */ = {isa = PBXFileReference; fileEncoding = 4; lastKnownFileType = sourcecode.swift; path = JoinLobbyViewController.swift; sourceTree = "<group>"; };
		6635C9A21F5734D900AC77B7 /* LoadingGameViewController.swift */ = {isa = PBXFileReference; fileEncoding = 4; lastKnownFileType = sourcecode.swift; path = LoadingGameViewController.swift; sourceTree = "<group>"; };
		6635C9A41F573D1500AC77B7 /* GameViewController.swift */ = {isa = PBXFileReference; fileEncoding = 4; lastKnownFileType = sourcecode.swift; path = GameViewController.swift; sourceTree = "<group>"; };
		6635C9A71F573DBF00AC77B7 /* ItemPickerView.swift */ = {isa = PBXFileReference; fileEncoding = 4; lastKnownFileType = sourcecode.swift; path = ItemPickerView.swift; sourceTree = "<group>"; };
		6635C9A91F574FBF00AC77B7 /* MyUtilities.swift */ = {isa = PBXFileReference; fileEncoding = 4; lastKnownFileType = sourcecode.swift; path = MyUtilities.swift; sourceTree = "<group>"; };
		66655AC01F5B9B68003BE322 /* BoardOverlayRenderer.swift */ = {isa = PBXFileReference; fileEncoding = 4; lastKnownFileType = sourcecode.swift; path = BoardOverlayRenderer.swift; sourceTree = "<group>"; };
		66655AC21F5C6200003BE322 /* BoardOverlay.swift */ = {isa = PBXFileReference; fileEncoding = 4; lastKnownFileType = sourcecode.swift; path = BoardOverlay.swift; sourceTree = "<group>"; };
		668C1DF41F688F3B00CD6016 /* Minimap.swift */ = {isa = PBXFileReference; fileEncoding = 4; lastKnownFileType = sourcecode.swift; path = Minimap.swift; sourceTree = "<group>"; };
		668C1DF61F69618E00CD6016 /* GameMapView.swift */ = {isa = PBXFileReference; fileEncoding = 4; lastKnownFileType = sourcecode.swift; path = GameMapView.swift; sourceTree = "<group>"; };
		66EF76C41F80188E000683DB /* OptionsViewController.swift */ = {isa = PBXFileReference; lastKnownFileType = sourcecode.swift; path = OptionsViewController.swift; sourceTree = "<group>"; };
/* End PBXFileReference section */

/* Begin PBXFrameworksBuildPhase section */
		6635C9651F5637B200AC77B7 /* Frameworks */ = {
			isa = PBXFrameworksBuildPhase;
			buildActionMask = 2147483647;
			files = (
			);
			runOnlyForDeploymentPostprocessing = 0;
		};
/* End PBXFrameworksBuildPhase section */

/* Begin PBXGroup section */
		6612501C1F793CF000563046 /* GameMenu */ = {
			isa = PBXGroup;
			children = (
				661250181F79322500563046 /* GameMenuView.swift */,
				6612501A1F793CBB00563046 /* GameMenuItem.swift */,
				661256221F7D84C90024A288 /* GameMenuItemType.swift */,
			);
			name = GameMenu;
			sourceTree = "<group>";
		};
		6635C95F1F5637B200AC77B7 = {
			isa = PBXGroup;
			children = (
				6635C96A1F5637B200AC77B7 /* Splatoonio */,
				6635C9691F5637B200AC77B7 /* Products */,
			);
			sourceTree = "<group>";
		};
		6635C9691F5637B200AC77B7 /* Products */ = {
			isa = PBXGroup;
			children = (
				6635C9681F5637B200AC77B7 /* Splatoonio.app */,
			);
			name = Products;
			sourceTree = "<group>";
		};
		6635C96A1F5637B200AC77B7 /* Splatoonio */ = {
			isa = PBXGroup;
			children = (
				49B308081F818916005A84E3 /* User.swift */,
				49B3080A1F81C309005A84E3 /* Map.swift */,
				6635C9811F56383E00AC77B7 /* Utilities */,
				6635C9831F56384800AC77B7 /* Game Objects */,
				6635C9A61F573DA900AC77B7 /* Views */,
				6635C9821F56384400AC77B7 /* View Controllers */,
				6635C9801F56383B00AC77B7 /* Other */,
				6635C97F1F56383500AC77B7 /* Resources */,
			);
			path = Splatoonio;
			sourceTree = "<group>";
		};
		6635C97F1F56383500AC77B7 /* Resources */ = {
			isa = PBXGroup;
			children = (
				6635C9841F5638B100AC77B7 /* backArrow.png */,
				6635C9851F5638B100AC77B7 /* black.png */,
				6635C9861F5638B100AC77B7 /* blank.png */,
				6635C98A1F5638B700AC77B7 /* itemIconBomb.png */,
				6635C98B1F5638B700AC77B7 /* itemIconGeneric.png */,
			);
			name = Resources;
			sourceTree = "<group>";
		};
		6635C9801F56383B00AC77B7 /* Other */ = {
			isa = PBXGroup;
			children = (
				6635C96B1F5637B200AC77B7 /* AppDelegate.swift */,
				6635C97D1F56382C00AC77B7 /* Main.storyboard */,
				6635C9771F5637B200AC77B7 /* Info.plist */,
				6635C9721F5637B200AC77B7 /* Assets.xcassets */,
				6635C9741F5637B200AC77B7 /* LaunchScreen.storyboard */,
			);
			name = Other;
			sourceTree = "<group>";
		};
		6635C9811F56383E00AC77B7 /* Utilities */ = {
			isa = PBXGroup;
			children = (
				6635C98E1F5638F300AC77B7 /* GPSManager.swift */,
				6635C9901F56510400AC77B7 /* ServerAPI.swift */,
				6635C9A91F574FBF00AC77B7 /* MyUtilities.swift */,
				661256241F7D91930024A288 /* Data.swift */,
			);
			name = Utilities;
			sourceTree = "<group>";
		};
		6635C9821F56384400AC77B7 /* View Controllers */ = {
			isa = PBXGroup;
			children = (
				6635C9A41F573D1500AC77B7 /* GameViewController.swift */,
				6635C9A21F5734D900AC77B7 /* LoadingGameViewController.swift */,
				6635C9A01F57349A00AC77B7 /* JoinLobbyViewController.swift */,
				66EF76C41F80188E000683DB /* OptionsViewController.swift */,
				6635C99E1F57337400AC77B7 /* MenuViewController.swift */,
			);
			name = "View Controllers";
			sourceTree = "<group>";
		};
		6635C9831F56384800AC77B7 /* Game Objects */ = {
			isa = PBXGroup;
			children = (
				6635C9941F5651D500AC77B7 /* GameBoard.swift */,
				6635C9981F5659F400AC77B7 /* Game.swift */,
				6635C99C1F56F78700AC77B7 /* Player.swift */,
				6635C99A1F565A8C00AC77B7 /* Item.swift */,
				6635C9961F56523900AC77B7 /* GameTypes.swift */,
				661B610F1F58C7FD0066890B /* PixelUpdate.swift */,
			);
			name = "Game Objects";
			sourceTree = "<group>";
		};
		6635C9A61F573DA900AC77B7 /* Views */ = {
			isa = PBXGroup;
			children = (
				668C1DF41F688F3B00CD6016 /* Minimap.swift */,
				6635C9A71F573DBF00AC77B7 /* ItemPickerView.swift */,
				66655AC01F5B9B68003BE322 /* BoardOverlayRenderer.swift */,
				66655AC21F5C6200003BE322 /* BoardOverlay.swift */,
				668C1DF61F69618E00CD6016 /* GameMapView.swift */,
				6612501C1F793CF000563046 /* GameMenu */,
			);
			name = Views;
			sourceTree = "<group>";
		};
/* End PBXGroup section */

/* Begin PBXNativeTarget section */
		6635C9671F5637B200AC77B7 /* Splatoonio */ = {
			isa = PBXNativeTarget;
			buildConfigurationList = 6635C97A1F5637B200AC77B7 /* Build configuration list for PBXNativeTarget "Splatoonio" */;
			buildPhases = (
				6635C9641F5637B200AC77B7 /* Sources */,
				6635C9651F5637B200AC77B7 /* Frameworks */,
				6635C9661F5637B200AC77B7 /* Resources */,
			);
			buildRules = (
			);
			dependencies = (
			);
			name = Splatoonio;
			productName = Splatoonio;
			productReference = 6635C9681F5637B200AC77B7 /* Splatoonio.app */;
			productType = "com.apple.product-type.application";
		};
/* End PBXNativeTarget section */

/* Begin PBXProject section */
		6635C9601F5637B200AC77B7 /* Project object */ = {
			isa = PBXProject;
			attributes = {
				LastSwiftUpdateCheck = 0830;
				LastUpgradeCheck = 0830;
				ORGANIZATIONNAME = "Kijug Software";
				TargetAttributes = {
					6635C9671F5637B200AC77B7 = {
						CreatedOnToolsVersion = 8.3.3;
						DevelopmentTeam = YN8BECUBG7;
						ProvisioningStyle = Automatic;
					};
				};
			};
			buildConfigurationList = 6635C9631F5637B200AC77B7 /* Build configuration list for PBXProject "Splatoonio" */;
			compatibilityVersion = "Xcode 3.2";
			developmentRegion = English;
			hasScannedForEncodings = 0;
			knownRegions = (
				en,
				Base,
			);
			mainGroup = 6635C95F1F5637B200AC77B7;
			productRefGroup = 6635C9691F5637B200AC77B7 /* Products */;
			projectDirPath = "";
			projectRoot = "";
			targets = (
				6635C9671F5637B200AC77B7 /* Splatoonio */,
			);
		};
/* End PBXProject section */

/* Begin PBXResourcesBuildPhase section */
		6635C9661F5637B200AC77B7 /* Resources */ = {
			isa = PBXResourcesBuildPhase;
			buildActionMask = 2147483647;
			files = (
				6635C9871F5638B100AC77B7 /* backArrow.png in Resources */,
				6635C97E1F56382C00AC77B7 /* Main.storyboard in Resources */,
				6635C9891F5638B100AC77B7 /* blank.png in Resources */,
				6635C98D1F5638B700AC77B7 /* itemIconGeneric.png in Resources */,
				6635C9761F5637B200AC77B7 /* LaunchScreen.storyboard in Resources */,
				6635C98C1F5638B700AC77B7 /* itemIconBomb.png in Resources */,
				6635C9731F5637B200AC77B7 /* Assets.xcassets in Resources */,
				6635C9881F5638B100AC77B7 /* black.png in Resources */,
			);
			runOnlyForDeploymentPostprocessing = 0;
		};
/* End PBXResourcesBuildPhase section */

/* Begin PBXSourcesBuildPhase section */
		6635C9641F5637B200AC77B7 /* Sources */ = {
			isa = PBXSourcesBuildPhase;
			buildActionMask = 2147483647;
			files = (
				6635C99F1F57337400AC77B7 /* MenuViewController.swift in Sources */,
				661B61101F58C7FD0066890B /* PixelUpdate.swift in Sources */,
				49B3080B1F81C309005A84E3 /* Map.swift in Sources */,
				6635C98F1F5638F300AC77B7 /* GPSManager.swift in Sources */,
				49B308091F818916005A84E3 /* User.swift in Sources */,
				6635C9991F5659F400AC77B7 /* Game.swift in Sources */,
				6612501B1F793CBB00563046 /* GameMenuItem.swift in Sources */,
				6635C9A31F5734D900AC77B7 /* LoadingGameViewController.swift in Sources */,
				6635C9AA1F574FBF00AC77B7 /* MyUtilities.swift in Sources */,
				66655AC11F5B9B68003BE322 /* BoardOverlayRenderer.swift in Sources */,
				6635C9A51F573D1500AC77B7 /* GameViewController.swift in Sources */,
				6635C9A11F57349A00AC77B7 /* JoinLobbyViewController.swift in Sources */,
				6635C9951F5651D500AC77B7 /* GameBoard.swift in Sources */,
				6635C9A81F573DBF00AC77B7 /* ItemPickerView.swift in Sources */,
				668C1DF51F688F3B00CD6016 /* Minimap.swift in Sources */,
				661256251F7D91930024A288 /* Data.swift in Sources */,
				6635C99B1F565A8C00AC77B7 /* Item.swift in Sources */,
				66655AC31F5C6200003BE322 /* BoardOverlay.swift in Sources */,
				6635C9971F56523900AC77B7 /* GameTypes.swift in Sources */,
				6635C96C1F5637B200AC77B7 /* AppDelegate.swift in Sources */,
				66EF76C51F80188E000683DB /* OptionsViewController.swift in Sources */,
				661256231F7D84C90024A288 /* GameMenuItemType.swift in Sources */,
				668C1DF71F69618E00CD6016 /* GameMapView.swift in Sources */,
				6635C99D1F56F78700AC77B7 /* Player.swift in Sources */,
				6635C9911F56510400AC77B7 /* ServerAPI.swift in Sources */,
				661250191F79322500563046 /* GameMenuView.swift in Sources */,
			);
			runOnlyForDeploymentPostprocessing = 0;
		};
/* End PBXSourcesBuildPhase section */

/* Begin PBXVariantGroup section */
		6635C9741F5637B200AC77B7 /* LaunchScreen.storyboard */ = {
			isa = PBXVariantGroup;
			children = (
				6635C9751F5637B200AC77B7 /* Base */,
			);
			name = LaunchScreen.storyboard;
			sourceTree = "<group>";
		};
/* End PBXVariantGroup section */

/* Begin XCBuildConfiguration section */
		6635C9781F5637B200AC77B7 /* Debug */ = {
			isa = XCBuildConfiguration;
			buildSettings = {
				ALWAYS_SEARCH_USER_PATHS = NO;
				CLANG_ANALYZER_NONNULL = YES;
				CLANG_ANALYZER_NUMBER_OBJECT_CONVERSION = YES_AGGRESSIVE;
				CLANG_CXX_LANGUAGE_STANDARD = "gnu++0x";
				CLANG_CXX_LIBRARY = "libc++";
				CLANG_ENABLE_MODULES = YES;
				CLANG_ENABLE_OBJC_ARC = YES;
				CLANG_WARN_BOOL_CONVERSION = YES;
				CLANG_WARN_CONSTANT_CONVERSION = YES;
				CLANG_WARN_DIRECT_OBJC_ISA_USAGE = YES_ERROR;
				CLANG_WARN_DOCUMENTATION_COMMENTS = YES;
				CLANG_WARN_EMPTY_BODY = YES;
				CLANG_WARN_ENUM_CONVERSION = YES;
				CLANG_WARN_INFINITE_RECURSION = YES;
				CLANG_WARN_INT_CONVERSION = YES;
				CLANG_WARN_OBJC_ROOT_CLASS = YES_ERROR;
				CLANG_WARN_SUSPICIOUS_MOVE = YES;
				CLANG_WARN_UNREACHABLE_CODE = YES;
				CLANG_WARN__DUPLICATE_METHOD_MATCH = YES;
				"CODE_SIGN_IDENTITY[sdk=iphoneos*]" = "iPhone Developer";
				COPY_PHASE_STRIP = NO;
				DEBUG_INFORMATION_FORMAT = dwarf;
				ENABLE_STRICT_OBJC_MSGSEND = YES;
				ENABLE_TESTABILITY = YES;
				GCC_C_LANGUAGE_STANDARD = gnu99;
				GCC_DYNAMIC_NO_PIC = NO;
				GCC_NO_COMMON_BLOCKS = YES;
				GCC_OPTIMIZATION_LEVEL = 0;
				GCC_PREPROCESSOR_DEFINITIONS = (
					"DEBUG=1",
					"$(inherited)",
				);
				GCC_WARN_64_TO_32_BIT_CONVERSION = YES;
				GCC_WARN_ABOUT_RETURN_TYPE = YES_ERROR;
				GCC_WARN_UNDECLARED_SELECTOR = YES;
				GCC_WARN_UNINITIALIZED_AUTOS = YES_AGGRESSIVE;
				GCC_WARN_UNUSED_FUNCTION = YES;
				GCC_WARN_UNUSED_VARIABLE = YES;
				IPHONEOS_DEPLOYMENT_TARGET = 10.3;
				MTL_ENABLE_DEBUG_INFO = YES;
				ONLY_ACTIVE_ARCH = YES;
				SDKROOT = iphoneos;
				SWIFT_ACTIVE_COMPILATION_CONDITIONS = DEBUG;
				SWIFT_OPTIMIZATION_LEVEL = "-Onone";
			};
			name = Debug;
		};
		6635C9791F5637B200AC77B7 /* Release */ = {
			isa = XCBuildConfiguration;
			buildSettings = {
				ALWAYS_SEARCH_USER_PATHS = NO;
				CLANG_ANALYZER_NONNULL = YES;
				CLANG_ANALYZER_NUMBER_OBJECT_CONVERSION = YES_AGGRESSIVE;
				CLANG_CXX_LANGUAGE_STANDARD = "gnu++0x";
				CLANG_CXX_LIBRARY = "libc++";
				CLANG_ENABLE_MODULES = YES;
				CLANG_ENABLE_OBJC_ARC = YES;
				CLANG_WARN_BOOL_CONVERSION = YES;
				CLANG_WARN_CONSTANT_CONVERSION = YES;
				CLANG_WARN_DIRECT_OBJC_ISA_USAGE = YES_ERROR;
				CLANG_WARN_DOCUMENTATION_COMMENTS = YES;
				CLANG_WARN_EMPTY_BODY = YES;
				CLANG_WARN_ENUM_CONVERSION = YES;
				CLANG_WARN_INFINITE_RECURSION = YES;
				CLANG_WARN_INT_CONVERSION = YES;
				CLANG_WARN_OBJC_ROOT_CLASS = YES_ERROR;
				CLANG_WARN_SUSPICIOUS_MOVE = YES;
				CLANG_WARN_UNREACHABLE_CODE = YES;
				CLANG_WARN__DUPLICATE_METHOD_MATCH = YES;
				"CODE_SIGN_IDENTITY[sdk=iphoneos*]" = "iPhone Developer";
				COPY_PHASE_STRIP = NO;
				DEBUG_INFORMATION_FORMAT = "dwarf-with-dsym";
				ENABLE_NS_ASSERTIONS = NO;
				ENABLE_STRICT_OBJC_MSGSEND = YES;
				GCC_C_LANGUAGE_STANDARD = gnu99;
				GCC_NO_COMMON_BLOCKS = YES;
				GCC_WARN_64_TO_32_BIT_CONVERSION = YES;
				GCC_WARN_ABOUT_RETURN_TYPE = YES_ERROR;
				GCC_WARN_UNDECLARED_SELECTOR = YES;
				GCC_WARN_UNINITIALIZED_AUTOS = YES_AGGRESSIVE;
				GCC_WARN_UNUSED_FUNCTION = YES;
				GCC_WARN_UNUSED_VARIABLE = YES;
				IPHONEOS_DEPLOYMENT_TARGET = 10.3;
				MTL_ENABLE_DEBUG_INFO = NO;
				SDKROOT = iphoneos;
				SWIFT_OPTIMIZATION_LEVEL = "-Owholemodule";
				VALIDATE_PRODUCT = YES;
			};
			name = Release;
		};
		6635C97B1F5637B200AC77B7 /* Debug */ = {
			isa = XCBuildConfiguration;
			buildSettings = {
				ASSETCATALOG_COMPILER_APPICON_NAME = AppIcon;
				DEVELOPMENT_TEAM = YN8BECUBG7;
				INFOPLIST_FILE = Splatoonio/Info.plist;
				LD_RUNPATH_SEARCH_PATHS = "$(inherited) @executable_path/Frameworks";
				PRODUCT_BUNDLE_IDENTIFIER = com.kijug.Splatoonio;
				PRODUCT_NAME = "$(TARGET_NAME)";
				SWIFT_VERSION = 3.0;
			};
			name = Debug;
		};
		6635C97C1F5637B200AC77B7 /* Release */ = {
			isa = XCBuildConfiguration;
			buildSettings = {
				ASSETCATALOG_COMPILER_APPICON_NAME = AppIcon;
				DEVELOPMENT_TEAM = YN8BECUBG7;
				INFOPLIST_FILE = Splatoonio/Info.plist;
				LD_RUNPATH_SEARCH_PATHS = "$(inherited) @executable_path/Frameworks";
				PRODUCT_BUNDLE_IDENTIFIER = com.kijug.Splatoonio;
				PRODUCT_NAME = "$(TARGET_NAME)";
				SWIFT_VERSION = 3.0;
			};
			name = Release;
		};
/* End XCBuildConfiguration section */

/* Begin XCConfigurationList section */
		6635C9631F5637B200AC77B7 /* Build configuration list for PBXProject "Splatoonio" */ = {
			isa = XCConfigurationList;
			buildConfigurations = (
				6635C9781F5637B200AC77B7 /* Debug */,
				6635C9791F5637B200AC77B7 /* Release */,
			);
			defaultConfigurationIsVisible = 0;
			defaultConfigurationName = Release;
		};
		6635C97A1F5637B200AC77B7 /* Build configuration list for PBXNativeTarget "Splatoonio" */ = {
			isa = XCConfigurationList;
			buildConfigurations = (
				6635C97B1F5637B200AC77B7 /* Debug */,
				6635C97C1F5637B200AC77B7 /* Release */,
			);
			defaultConfigurationIsVisible = 0;
			defaultConfigurationName = Release;
		};
/* End XCConfigurationList section */
	};
	rootObject = 6635C9601F5637B200AC77B7 /* Project object */;
}
