// !$*UTF8*$!
{
	archiveVersion = 1;
	classes = {
	};
	objectVersion = 46;
	objects = {

/* Begin PBXBuildFile section */
		491AA6271ABA151400A3E76C /* main.cpp in Sources */ = {isa = PBXBuildFile; fileRef = 491AA6261ABA151400A3E76C /* main.cpp */; };
		491AA62F1ABA1DD900A3E76C /* lab9.cpp in Sources */ = {isa = PBXBuildFile; fileRef = 491AA62D1ABA1DD900A3E76C /* lab9.cpp */; };
/* End PBXBuildFile section */

/* Begin PBXCopyFilesBuildPhase section */
		491AA6211ABA151400A3E76C /* CopyFiles */ = {
			isa = PBXCopyFilesBuildPhase;
			buildActionMask = 2147483647;
			dstPath = /usr/share/man/man1/;
			dstSubfolderSpec = 0;
			files = (
			);
			runOnlyForDeploymentPostprocessing = 1;
		};
/* End PBXCopyFilesBuildPhase section */

/* Begin PBXFileReference section */
		491AA6231ABA151400A3E76C /* lab9 */ = {isa = PBXFileReference; explicitFileType = "compiled.mach-o.executable"; includeInIndex = 0; path = lab9; sourceTree = BUILT_PRODUCTS_DIR; };
		491AA6261ABA151400A3E76C /* main.cpp */ = {isa = PBXFileReference; lastKnownFileType = sourcecode.cpp.cpp; path = main.cpp; sourceTree = "<group>"; };
		491AA62D1ABA1DD900A3E76C /* lab9.cpp */ = {isa = PBXFileReference; fileEncoding = 4; lastKnownFileType = sourcecode.cpp.cpp; path = lab9.cpp; sourceTree = "<group>"; };
		491AA62E1ABA1DD900A3E76C /* lab9.h */ = {isa = PBXFileReference; fileEncoding = 4; lastKnownFileType = sourcecode.c.h; path = lab9.h; sourceTree = "<group>"; };
/* End PBXFileReference section */

/* Begin PBXFrameworksBuildPhase section */
		491AA6201ABA151400A3E76C /* Frameworks */ = {
			isa = PBXFrameworksBuildPhase;
			buildActionMask = 2147483647;
			files = (
			);
			runOnlyForDeploymentPostprocessing = 0;
		};
/* End PBXFrameworksBuildPhase section */

/* Begin PBXGroup section */
		491AA61A1ABA151400A3E76C = {
			isa = PBXGroup;
			children = (
				491AA6251ABA151400A3E76C /* lab9 */,
				491AA6241ABA151400A3E76C /* Products */,
			);
			sourceTree = "<group>";
		};
		491AA6241ABA151400A3E76C /* Products */ = {
			isa = PBXGroup;
			children = (
				491AA6231ABA151400A3E76C /* lab9 */,
			);
			name = Products;
			sourceTree = "<group>";
		};
		491AA6251ABA151400A3E76C /* lab9 */ = {
			isa = PBXGroup;
			children = (
				491AA6261ABA151400A3E76C /* main.cpp */,
				491AA62D1ABA1DD900A3E76C /* lab9.cpp */,
				491AA62E1ABA1DD900A3E76C /* lab9.h */,
			);
			path = lab9;
			sourceTree = "<group>";
		};
/* End PBXGroup section */

/* Begin PBXNativeTarget section */
		491AA6221ABA151400A3E76C /* lab9 */ = {
			isa = PBXNativeTarget;
			buildConfigurationList = 491AA62A1ABA151400A3E76C /* Build configuration list for PBXNativeTarget "lab9" */;
			buildPhases = (
				491AA61F1ABA151400A3E76C /* Sources */,
				491AA6201ABA151400A3E76C /* Frameworks */,
				491AA6211ABA151400A3E76C /* CopyFiles */,
			);
			buildRules = (
			);
			dependencies = (
			);
			name = lab9;
			productName = lab9;
			productReference = 491AA6231ABA151400A3E76C /* lab9 */;
			productType = "com.apple.product-type.tool";
		};
/* End PBXNativeTarget section */

/* Begin PBXProject section */
		491AA61B1ABA151400A3E76C /* Project object */ = {
			isa = PBXProject;
			attributes = {
				LastUpgradeCheck = 0620;
				ORGANIZATIONNAME = "Illya Starikov";
				TargetAttributes = {
					491AA6221ABA151400A3E76C = {
						CreatedOnToolsVersion = 6.2;
					};
				};
			};
			buildConfigurationList = 491AA61E1ABA151400A3E76C /* Build configuration list for PBXProject "lab9" */;
			compatibilityVersion = "Xcode 3.2";
			developmentRegion = English;
			hasScannedForEncodings = 0;
			knownRegions = (
				en,
			);
			mainGroup = 491AA61A1ABA151400A3E76C;
			productRefGroup = 491AA6241ABA151400A3E76C /* Products */;
			projectDirPath = "";
			projectRoot = "";
			targets = (
				491AA6221ABA151400A3E76C /* lab9 */,
			);
		};
/* End PBXProject section */

/* Begin PBXSourcesBuildPhase section */
		491AA61F1ABA151400A3E76C /* Sources */ = {
			isa = PBXSourcesBuildPhase;
			buildActionMask = 2147483647;
			files = (
				491AA6271ABA151400A3E76C /* main.cpp in Sources */,
				491AA62F1ABA1DD900A3E76C /* lab9.cpp in Sources */,
			);
			runOnlyForDeploymentPostprocessing = 0;
		};
/* End PBXSourcesBuildPhase section */

/* Begin XCBuildConfiguration section */
		491AA6281ABA151400A3E76C /* Debug */ = {
			isa = XCBuildConfiguration;
			buildSettings = {
				ALWAYS_SEARCH_USER_PATHS = NO;
				CLANG_CXX_LANGUAGE_STANDARD = "gnu++0x";
				CLANG_CXX_LIBRARY = "libc++";
				CLANG_ENABLE_MODULES = YES;
				CLANG_ENABLE_OBJC_ARC = YES;
				CLANG_WARN_BOOL_CONVERSION = YES;
				CLANG_WARN_CONSTANT_CONVERSION = YES;
				CLANG_WARN_DIRECT_OBJC_ISA_USAGE = YES_ERROR;
				CLANG_WARN_EMPTY_BODY = YES;
				CLANG_WARN_ENUM_CONVERSION = YES;
				CLANG_WARN_INT_CONVERSION = YES;
				CLANG_WARN_OBJC_ROOT_CLASS = YES_ERROR;
				CLANG_WARN_UNREACHABLE_CODE = YES;
				CLANG_WARN__DUPLICATE_METHOD_MATCH = YES;
				COPY_PHASE_STRIP = NO;
				ENABLE_STRICT_OBJC_MSGSEND = YES;
				GCC_C_LANGUAGE_STANDARD = gnu99;
				GCC_DYNAMIC_NO_PIC = NO;
				GCC_OPTIMIZATION_LEVEL = 0;
				GCC_PREPROCESSOR_DEFINITIONS = (
					"DEBUG=1",
					"$(inherited)",
				);
				GCC_SYMBOLS_PRIVATE_EXTERN = NO;
				GCC_WARN_64_TO_32_BIT_CONVERSION = YES;
				GCC_WARN_ABOUT_RETURN_TYPE = YES_ERROR;
				GCC_WARN_UNDECLARED_SELECTOR = YES;
				GCC_WARN_UNINITIALIZED_AUTOS = YES_AGGRESSIVE;
				GCC_WARN_UNUSED_FUNCTION = YES;
				GCC_WARN_UNUSED_VARIABLE = YES;
				MACOSX_DEPLOYMENT_TARGET = 10.10;
				MTL_ENABLE_DEBUG_INFO = YES;
				ONLY_ACTIVE_ARCH = YES;
				SDKROOT = macosx;
			};
			name = Debug;
		};
		491AA6291ABA151400A3E76C /* Release */ = {
			isa = XCBuildConfiguration;
			buildSettings = {
				ALWAYS_SEARCH_USER_PATHS = NO;
				CLANG_CXX_LANGUAGE_STANDARD = "gnu++0x";
				CLANG_CXX_LIBRARY = "libc++";
				CLANG_ENABLE_MODULES = YES;
				CLANG_ENABLE_OBJC_ARC = YES;
				CLANG_WARN_BOOL_CONVERSION = YES;
				CLANG_WARN_CONSTANT_CONVERSION = YES;
				CLANG_WARN_DIRECT_OBJC_ISA_USAGE = YES_ERROR;
				CLANG_WARN_EMPTY_BODY = YES;
				CLANG_WARN_ENUM_CONVERSION = YES;
				CLANG_WARN_INT_CONVERSION = YES;
				CLANG_WARN_OBJC_ROOT_CLASS = YES_ERROR;
				CLANG_WARN_UNREACHABLE_CODE = YES;
				CLANG_WARN__DUPLICATE_METHOD_MATCH = YES;
				COPY_PHASE_STRIP = NO;
				DEBUG_INFORMATION_FORMAT = "dwarf-with-dsym";
				ENABLE_NS_ASSERTIONS = NO;
				ENABLE_STRICT_OBJC_MSGSEND = YES;
				GCC_C_LANGUAGE_STANDARD = gnu99;
				GCC_WARN_64_TO_32_BIT_CONVERSION = YES;
				GCC_WARN_ABOUT_RETURN_TYPE = YES_ERROR;
				GCC_WARN_UNDECLARED_SELECTOR = YES;
				GCC_WARN_UNINITIALIZED_AUTOS = YES_AGGRESSIVE;
				GCC_WARN_UNUSED_FUNCTION = YES;
				GCC_WARN_UNUSED_VARIABLE = YES;
				MACOSX_DEPLOYMENT_TARGET = 10.10;
				MTL_ENABLE_DEBUG_INFO = NO;
				SDKROOT = macosx;
			};
			name = Release;
		};
		491AA62B1ABA151400A3E76C /* Debug */ = {
			isa = XCBuildConfiguration;
			buildSettings = {
				PRODUCT_NAME = "$(TARGET_NAME)";
			};
			name = Debug;
		};
		491AA62C1ABA151400A3E76C /* Release */ = {
			isa = XCBuildConfiguration;
			buildSettings = {
				PRODUCT_NAME = "$(TARGET_NAME)";
			};
			name = Release;
		};
/* End XCBuildConfiguration section */

/* Begin XCConfigurationList section */
		491AA61E1ABA151400A3E76C /* Build configuration list for PBXProject "lab9" */ = {
			isa = XCConfigurationList;
			buildConfigurations = (
				491AA6281ABA151400A3E76C /* Debug */,
				491AA6291ABA151400A3E76C /* Release */,
			);
			defaultConfigurationIsVisible = 0;
			defaultConfigurationName = Release;
		};
		491AA62A1ABA151400A3E76C /* Build configuration list for PBXNativeTarget "lab9" */ = {
			isa = XCConfigurationList;
			buildConfigurations = (
				491AA62B1ABA151400A3E76C /* Debug */,
				491AA62C1ABA151400A3E76C /* Release */,
			);
			defaultConfigurationIsVisible = 0;
		};
/* End XCConfigurationList section */
	};
	rootObject = 491AA61B1ABA151400A3E76C /* Project object */;
}
