// !$*UTF8*$!
{
	archiveVersion = 1;
	classes = {
	};
	objectVersion = 46;
	objects = {

/* Begin PBXBuildFile section */
		493CFA4F1DD5152200AF44C0 /* main.c in Sources */ = {isa = PBXBuildFile; fileRef = 493CFA4E1DD5152200AF44C0 /* main.c */; };
		493CFA581DD52F3700AF44C0 /* functions.c in Sources */ = {isa = PBXBuildFile; fileRef = 493CFA561DD52F3700AF44C0 /* functions.c */; };
/* End PBXBuildFile section */

/* Begin PBXCopyFilesBuildPhase section */
		493CFA491DD5152100AF44C0 /* CopyFiles */ = {
			isa = PBXCopyFilesBuildPhase;
			buildActionMask = 2147483647;
			dstPath = /usr/share/man/man1/;
			dstSubfolderSpec = 0;
			files = (
			);
			runOnlyForDeploymentPostprocessing = 1;
		};
/* End PBXCopyFilesBuildPhase section */

/* Begin PBXFileReference section */
		4917B61D1DD664B800A85E53 /* point.h */ = {isa = PBXFileReference; lastKnownFileType = sourcecode.c.h; path = point.h; sourceTree = "<group>"; };
		4917B61E1DD6A24900A85E53 /* alientype.h */ = {isa = PBXFileReference; lastKnownFileType = sourcecode.c.h; path = alientype.h; sourceTree = "<group>"; };
		493CFA4B1DD5152200AF44C0 /* space-invaders */ = {isa = PBXFileReference; explicitFileType = "compiled.mach-o.executable"; includeInIndex = 0; path = "space-invaders"; sourceTree = BUILT_PRODUCTS_DIR; };
		493CFA4E1DD5152200AF44C0 /* main.c */ = {isa = PBXFileReference; lastKnownFileType = sourcecode.c.c; path = main.c; sourceTree = "<group>"; };
		493CFA561DD52F3700AF44C0 /* functions.c */ = {isa = PBXFileReference; fileEncoding = 4; lastKnownFileType = sourcecode.c.c; path = functions.c; sourceTree = "<group>"; };
		493CFA571DD52F3700AF44C0 /* functions.h */ = {isa = PBXFileReference; fileEncoding = 4; lastKnownFileType = sourcecode.c.h; path = functions.h; sourceTree = "<group>"; };
		493CFA591DD54F0F00AF44C0 /* game.h */ = {isa = PBXFileReference; lastKnownFileType = sourcecode.c.h; path = game.h; sourceTree = "<group>"; };
		493CFA5A1DD5703D00AF44C0 /* constants.h */ = {isa = PBXFileReference; lastKnownFileType = sourcecode.c.h; path = constants.h; sourceTree = "<group>"; };
/* End PBXFileReference section */

/* Begin PBXFrameworksBuildPhase section */
		493CFA481DD5152100AF44C0 /* Frameworks */ = {
			isa = PBXFrameworksBuildPhase;
			buildActionMask = 2147483647;
			files = (
			);
			runOnlyForDeploymentPostprocessing = 0;
		};
/* End PBXFrameworksBuildPhase section */

/* Begin PBXGroup section */
		493CFA421DD5152100AF44C0 = {
			isa = PBXGroup;
			children = (
				493CFA4D1DD5152200AF44C0 /* space-invaders */,
				493CFA4C1DD5152200AF44C0 /* Products */,
			);
			sourceTree = "<group>";
		};
		493CFA4C1DD5152200AF44C0 /* Products */ = {
			isa = PBXGroup;
			children = (
				493CFA4B1DD5152200AF44C0 /* space-invaders */,
			);
			name = Products;
			sourceTree = "<group>";
		};
		493CFA4D1DD5152200AF44C0 /* space-invaders */ = {
			isa = PBXGroup;
			children = (
				493CFA4E1DD5152200AF44C0 /* main.c */,
				493CFA591DD54F0F00AF44C0 /* game.h */,
				493CFA561DD52F3700AF44C0 /* functions.c */,
				493CFA571DD52F3700AF44C0 /* functions.h */,
				4917B61D1DD664B800A85E53 /* point.h */,
				493CFA5A1DD5703D00AF44C0 /* constants.h */,
				4917B61E1DD6A24900A85E53 /* alientype.h */,
			);
			path = "space-invaders";
			sourceTree = "<group>";
		};
/* End PBXGroup section */

/* Begin PBXNativeTarget section */
		493CFA4A1DD5152100AF44C0 /* space-invaders */ = {
			isa = PBXNativeTarget;
			buildConfigurationList = 493CFA521DD5152200AF44C0 /* Build configuration list for PBXNativeTarget "space-invaders" */;
			buildPhases = (
				493CFA471DD5152100AF44C0 /* Sources */,
				493CFA481DD5152100AF44C0 /* Frameworks */,
				493CFA491DD5152100AF44C0 /* CopyFiles */,
			);
			buildRules = (
			);
			dependencies = (
			);
			name = "space-invaders";
			productName = "space-invaders";
			productReference = 493CFA4B1DD5152200AF44C0 /* space-invaders */;
			productType = "com.apple.product-type.tool";
		};
/* End PBXNativeTarget section */

/* Begin PBXProject section */
		493CFA431DD5152100AF44C0 /* Project object */ = {
			isa = PBXProject;
			attributes = {
				LastUpgradeCheck = 0800;
				ORGANIZATIONNAME = "Illya Starikov";
				TargetAttributes = {
					493CFA4A1DD5152100AF44C0 = {
						CreatedOnToolsVersion = 8.0;
						ProvisioningStyle = Automatic;
					};
				};
			};
			buildConfigurationList = 493CFA461DD5152100AF44C0 /* Build configuration list for PBXProject "space-invaders" */;
			compatibilityVersion = "Xcode 3.2";
			developmentRegion = English;
			hasScannedForEncodings = 0;
			knownRegions = (
				en,
			);
			mainGroup = 493CFA421DD5152100AF44C0;
			productRefGroup = 493CFA4C1DD5152200AF44C0 /* Products */;
			projectDirPath = "";
			projectRoot = "";
			targets = (
				493CFA4A1DD5152100AF44C0 /* space-invaders */,
			);
		};
/* End PBXProject section */

/* Begin PBXSourcesBuildPhase section */
		493CFA471DD5152100AF44C0 /* Sources */ = {
			isa = PBXSourcesBuildPhase;
			buildActionMask = 2147483647;
			files = (
				493CFA4F1DD5152200AF44C0 /* main.c in Sources */,
				493CFA581DD52F3700AF44C0 /* functions.c in Sources */,
			);
			runOnlyForDeploymentPostprocessing = 0;
		};
/* End PBXSourcesBuildPhase section */

/* Begin XCBuildConfiguration section */
		493CFA501DD5152200AF44C0 /* Debug */ = {
			isa = XCBuildConfiguration;
			buildSettings = {
				ALWAYS_SEARCH_USER_PATHS = NO;
				CLANG_ANALYZER_NONNULL = YES;
				CLANG_CXX_LANGUAGE_STANDARD = "gnu++0x";
				CLANG_CXX_LIBRARY = "libc++";
				CLANG_ENABLE_MODULES = YES;
				CLANG_ENABLE_OBJC_ARC = YES;
				CLANG_WARN_BOOL_CONVERSION = YES;
				CLANG_WARN_CONSTANT_CONVERSION = YES;
				CLANG_WARN_DIRECT_OBJC_ISA_USAGE = YES_ERROR;
				CLANG_WARN_DOCUMENTATION_COMMENTS = YES;
				CLANG_WARN_EMPTY_BODY = YES;
				CLANG_WARN_ENUM_CONVERSION = YES;
				CLANG_WARN_INFINITE_RECURSION = YES;
				CLANG_WARN_INT_CONVERSION = YES;
				CLANG_WARN_OBJC_ROOT_CLASS = YES_ERROR;
				CLANG_WARN_SUSPICIOUS_MOVES = YES;
				CLANG_WARN_UNREACHABLE_CODE = YES;
				CLANG_WARN__DUPLICATE_METHOD_MATCH = YES;
				CODE_SIGN_IDENTITY = "-";
				COPY_PHASE_STRIP = NO;
				DEBUG_INFORMATION_FORMAT = dwarf;
				ENABLE_STRICT_OBJC_MSGSEND = YES;
				ENABLE_TESTABILITY = YES;
				GCC_C_LANGUAGE_STANDARD = gnu99;
				GCC_DYNAMIC_NO_PIC = NO;
				GCC_NO_COMMON_BLOCKS = YES;
				GCC_OPTIMIZATION_LEVEL = 0;
				GCC_PREPROCESSOR_DEFINITIONS = (
					"DEBUG=1",
					"$(inherited)",
				);
				GCC_WARN_64_TO_32_BIT_CONVERSION = YES;
				GCC_WARN_ABOUT_RETURN_TYPE = YES_ERROR;
				GCC_WARN_UNDECLARED_SELECTOR = YES;
				GCC_WARN_UNINITIALIZED_AUTOS = YES_AGGRESSIVE;
				GCC_WARN_UNUSED_FUNCTION = YES;
				GCC_WARN_UNUSED_VARIABLE = YES;
				INFOPLIST_OTHER_PREPROCESSOR_FLAGS = "";
				MACOSX_DEPLOYMENT_TARGET = 10.12;
				MTL_ENABLE_DEBUG_INFO = YES;
				ONLY_ACTIVE_ARCH = YES;
				OTHER_CFLAGS = "";
				SDKROOT = macosx;
			};
			name = Debug;
		};
		493CFA511DD5152200AF44C0 /* Release */ = {
			isa = XCBuildConfiguration;
			buildSettings = {
				ALWAYS_SEARCH_USER_PATHS = NO;
				CLANG_ANALYZER_NONNULL = YES;
				CLANG_CXX_LANGUAGE_STANDARD = "gnu++0x";
				CLANG_CXX_LIBRARY = "libc++";
				CLANG_ENABLE_MODULES = YES;
				CLANG_ENABLE_OBJC_ARC = YES;
				CLANG_WARN_BOOL_CONVERSION = YES;
				CLANG_WARN_CONSTANT_CONVERSION = YES;
				CLANG_WARN_DIRECT_OBJC_ISA_USAGE = YES_ERROR;
				CLANG_WARN_DOCUMENTATION_COMMENTS = YES;
				CLANG_WARN_EMPTY_BODY = YES;
				CLANG_WARN_ENUM_CONVERSION = YES;
				CLANG_WARN_INFINITE_RECURSION = YES;
				CLANG_WARN_INT_CONVERSION = YES;
				CLANG_WARN_OBJC_ROOT_CLASS = YES_ERROR;
				CLANG_WARN_SUSPICIOUS_MOVES = YES;
				CLANG_WARN_UNREACHABLE_CODE = YES;
				CLANG_WARN__DUPLICATE_METHOD_MATCH = YES;
				CODE_SIGN_IDENTITY = "-";
				COPY_PHASE_STRIP = NO;
				DEBUG_INFORMATION_FORMAT = "dwarf-with-dsym";
				ENABLE_NS_ASSERTIONS = NO;
				ENABLE_STRICT_OBJC_MSGSEND = YES;
				GCC_C_LANGUAGE_STANDARD = gnu99;
				GCC_NO_COMMON_BLOCKS = YES;
				GCC_WARN_64_TO_32_BIT_CONVERSION = YES;
				GCC_WARN_ABOUT_RETURN_TYPE = YES_ERROR;
				GCC_WARN_UNDECLARED_SELECTOR = YES;
				GCC_WARN_UNINITIALIZED_AUTOS = YES_AGGRESSIVE;
				GCC_WARN_UNUSED_FUNCTION = YES;
				GCC_WARN_UNUSED_VARIABLE = YES;
				INFOPLIST_OTHER_PREPROCESSOR_FLAGS = "";
				MACOSX_DEPLOYMENT_TARGET = 10.12;
				MTL_ENABLE_DEBUG_INFO = NO;
				OTHER_CFLAGS = "";
				SDKROOT = macosx;
			};
			name = Release;
		};
		493CFA531DD5152200AF44C0 /* Debug */ = {
			isa = XCBuildConfiguration;
			buildSettings = {
				PRODUCT_NAME = "$(TARGET_NAME)";
			};
			name = Debug;
		};
		493CFA541DD5152200AF44C0 /* Release */ = {
			isa = XCBuildConfiguration;
			buildSettings = {
				PRODUCT_NAME = "$(TARGET_NAME)";
			};
			name = Release;
		};
/* End XCBuildConfiguration section */

/* Begin XCConfigurationList section */
		493CFA461DD5152100AF44C0 /* Build configuration list for PBXProject "space-invaders" */ = {
			isa = XCConfigurationList;
			buildConfigurations = (
				493CFA501DD5152200AF44C0 /* Debug */,
				493CFA511DD5152200AF44C0 /* Release */,
			);
			defaultConfigurationIsVisible = 0;
			defaultConfigurationName = Release;
		};
		493CFA521DD5152200AF44C0 /* Build configuration list for PBXNativeTarget "space-invaders" */ = {
			isa = XCConfigurationList;
			buildConfigurations = (
				493CFA531DD5152200AF44C0 /* Debug */,
				493CFA541DD5152200AF44C0 /* Release */,
			);
			defaultConfigurationIsVisible = 0;
			defaultConfigurationName = Release;
		};
/* End XCConfigurationList section */
	};
	rootObject = 493CFA431DD5152100AF44C0 /* Project object */;
}
