// !$*UTF8*$!
{
	archiveVersion = 1;
	classes = {
	};
	objectVersion = 46;
	objects = {

/* Begin PBXBuildFile section */
		49DE9B421AD5CD3300FFCFE1 /* main.cpp in Sources */ = {isa = PBXBuildFile; fileRef = 49DE9B411AD5CD3300FFCFE1 /* main.cpp */; };
/* End PBXBuildFile section */

/* Begin PBXCopyFilesBuildPhase section */
		49DE9B3C1AD5CD3300FFCFE1 /* CopyFiles */ = {
			isa = PBXCopyFilesBuildPhase;
			buildActionMask = 2147483647;
			dstPath = /usr/share/man/man1/;
			dstSubfolderSpec = 0;
			files = (
			);
			runOnlyForDeploymentPostprocessing = 1;
		};
/* End PBXCopyFilesBuildPhase section */

/* Begin PBXFileReference section */
		49DE9B3E1AD5CD3300FFCFE1 /* Lab11 */ = {isa = PBXFileReference; explicitFileType = "compiled.mach-o.executable"; includeInIndex = 0; path = Lab11; sourceTree = BUILT_PRODUCTS_DIR; };
		49DE9B411AD5CD3300FFCFE1 /* main.cpp */ = {isa = PBXFileReference; lastKnownFileType = sourcecode.cpp.cpp; path = main.cpp; sourceTree = "<group>"; };
/* End PBXFileReference section */

/* Begin PBXFrameworksBuildPhase section */
		49DE9B3B1AD5CD3300FFCFE1 /* Frameworks */ = {
			isa = PBXFrameworksBuildPhase;
			buildActionMask = 2147483647;
			files = (
			);
			runOnlyForDeploymentPostprocessing = 0;
		};
/* End PBXFrameworksBuildPhase section */

/* Begin PBXGroup section */
		49DE9B351AD5CD3300FFCFE1 = {
			isa = PBXGroup;
			children = (
				49DE9B401AD5CD3300FFCFE1 /* Lab11 */,
				49DE9B3F1AD5CD3300FFCFE1 /* Products */,
			);
			sourceTree = "<group>";
		};
		49DE9B3F1AD5CD3300FFCFE1 /* Products */ = {
			isa = PBXGroup;
			children = (
				49DE9B3E1AD5CD3300FFCFE1 /* Lab11 */,
			);
			name = Products;
			sourceTree = "<group>";
		};
		49DE9B401AD5CD3300FFCFE1 /* Lab11 */ = {
			isa = PBXGroup;
			children = (
				49DE9B411AD5CD3300FFCFE1 /* main.cpp */,
			);
			path = Lab11;
			sourceTree = "<group>";
		};
/* End PBXGroup section */

/* Begin PBXNativeTarget section */
		49DE9B3D1AD5CD3300FFCFE1 /* Lab11 */ = {
			isa = PBXNativeTarget;
			buildConfigurationList = 49DE9B451AD5CD3300FFCFE1 /* Build configuration list for PBXNativeTarget "Lab11" */;
			buildPhases = (
				49DE9B3A1AD5CD3300FFCFE1 /* Sources */,
				49DE9B3B1AD5CD3300FFCFE1 /* Frameworks */,
				49DE9B3C1AD5CD3300FFCFE1 /* CopyFiles */,
			);
			buildRules = (
			);
			dependencies = (
			);
			name = Lab11;
			productName = Lab11;
			productReference = 49DE9B3E1AD5CD3300FFCFE1 /* Lab11 */;
			productType = "com.apple.product-type.tool";
		};
/* End PBXNativeTarget section */

/* Begin PBXProject section */
		49DE9B361AD5CD3300FFCFE1 /* Project object */ = {
			isa = PBXProject;
			attributes = {
				LastUpgradeCheck = 0620;
				ORGANIZATIONNAME = "Illya Starikov";
				TargetAttributes = {
					49DE9B3D1AD5CD3300FFCFE1 = {
						CreatedOnToolsVersion = 6.2;
					};
				};
			};
			buildConfigurationList = 49DE9B391AD5CD3300FFCFE1 /* Build configuration list for PBXProject "Lab11" */;
			compatibilityVersion = "Xcode 3.2";
			developmentRegion = English;
			hasScannedForEncodings = 0;
			knownRegions = (
				en,
			);
			mainGroup = 49DE9B351AD5CD3300FFCFE1;
			productRefGroup = 49DE9B3F1AD5CD3300FFCFE1 /* Products */;
			projectDirPath = "";
			projectRoot = "";
			targets = (
				49DE9B3D1AD5CD3300FFCFE1 /* Lab11 */,
			);
		};
/* End PBXProject section */

/* Begin PBXSourcesBuildPhase section */
		49DE9B3A1AD5CD3300FFCFE1 /* Sources */ = {
			isa = PBXSourcesBuildPhase;
			buildActionMask = 2147483647;
			files = (
				49DE9B421AD5CD3300FFCFE1 /* main.cpp in Sources */,
			);
			runOnlyForDeploymentPostprocessing = 0;
		};
/* End PBXSourcesBuildPhase section */

/* Begin XCBuildConfiguration section */
		49DE9B431AD5CD3300FFCFE1 /* Debug */ = {
			isa = XCBuildConfiguration;
			buildSettings = {
				ALWAYS_SEARCH_USER_PATHS = NO;
				CLANG_CXX_LANGUAGE_STANDARD = "gnu++0x";
				CLANG_CXX_LIBRARY = "libc++";
				CLANG_ENABLE_MODULES = YES;
				CLANG_ENABLE_OBJC_ARC = YES;
				CLANG_WARN_BOOL_CONVERSION = YES;
				CLANG_WARN_CONSTANT_CONVERSION = YES;
				CLANG_WARN_DIRECT_OBJC_ISA_USAGE = YES_ERROR;
				CLANG_WARN_EMPTY_BODY = YES;
				CLANG_WARN_ENUM_CONVERSION = YES;
				CLANG_WARN_INT_CONVERSION = YES;
				CLANG_WARN_OBJC_ROOT_CLASS = YES_ERROR;
				CLANG_WARN_UNREACHABLE_CODE = YES;
				CLANG_WARN__DUPLICATE_METHOD_MATCH = YES;
				COPY_PHASE_STRIP = NO;
				ENABLE_STRICT_OBJC_MSGSEND = YES;
				GCC_C_LANGUAGE_STANDARD = gnu99;
				GCC_DYNAMIC_NO_PIC = NO;
				GCC_OPTIMIZATION_LEVEL = 0;
				GCC_PREPROCESSOR_DEFINITIONS = (
					"DEBUG=1",
					"$(inherited)",
				);
				GCC_SYMBOLS_PRIVATE_EXTERN = NO;
				GCC_WARN_64_TO_32_BIT_CONVERSION = YES;
				GCC_WARN_ABOUT_RETURN_TYPE = YES_ERROR;
				GCC_WARN_UNDECLARED_SELECTOR = YES;
				GCC_WARN_UNINITIALIZED_AUTOS = YES_AGGRESSIVE;
				GCC_WARN_UNUSED_FUNCTION = YES;
				GCC_WARN_UNUSED_VARIABLE = YES;
				MACOSX_DEPLOYMENT_TARGET = 10.10;
				MTL_ENABLE_DEBUG_INFO = YES;
				ONLY_ACTIVE_ARCH = YES;
				SDKROOT = macosx;
			};
			name = Debug;
		};
		49DE9B441AD5CD3300FFCFE1 /* Release */ = {
			isa = XCBuildConfiguration;
			buildSettings = {
				ALWAYS_SEARCH_USER_PATHS = NO;
				CLANG_CXX_LANGUAGE_STANDARD = "gnu++0x";
				CLANG_CXX_LIBRARY = "libc++";
				CLANG_ENABLE_MODULES = YES;
				CLANG_ENABLE_OBJC_ARC = YES;
				CLANG_WARN_BOOL_CONVERSION = YES;
				CLANG_WARN_CONSTANT_CONVERSION = YES;
				CLANG_WARN_DIRECT_OBJC_ISA_USAGE = YES_ERROR;
				CLANG_WARN_EMPTY_BODY = YES;
				CLANG_WARN_ENUM_CONVERSION = YES;
				CLANG_WARN_INT_CONVERSION = YES;
				CLANG_WARN_OBJC_ROOT_CLASS = YES_ERROR;
				CLANG_WARN_UNREACHABLE_CODE = YES;
				CLANG_WARN__DUPLICATE_METHOD_MATCH = YES;
				COPY_PHASE_STRIP = NO;
				DEBUG_INFORMATION_FORMAT = "dwarf-with-dsym";
				ENABLE_NS_ASSERTIONS = NO;
				ENABLE_STRICT_OBJC_MSGSEND = YES;
				GCC_C_LANGUAGE_STANDARD = gnu99;
				GCC_WARN_64_TO_32_BIT_CONVERSION = YES;
				GCC_WARN_ABOUT_RETURN_TYPE = YES_ERROR;
				GCC_WARN_UNDECLARED_SELECTOR = YES;
				GCC_WARN_UNINITIALIZED_AUTOS = YES_AGGRESSIVE;
				GCC_WARN_UNUSED_FUNCTION = YES;
				GCC_WARN_UNUSED_VARIABLE = YES;
				MACOSX_DEPLOYMENT_TARGET = 10.10;
				MTL_ENABLE_DEBUG_INFO = NO;
				SDKROOT = macosx;
			};
			name = Release;
		};
		49DE9B461AD5CD3300FFCFE1 /* Debug */ = {
			isa = XCBuildConfiguration;
			buildSettings = {
				PRODUCT_NAME = "$(TARGET_NAME)";
			};
			name = Debug;
		};
		49DE9B471AD5CD3300FFCFE1 /* Release */ = {
			isa = XCBuildConfiguration;
			buildSettings = {
				PRODUCT_NAME = "$(TARGET_NAME)";
			};
			name = Release;
		};
/* End XCBuildConfiguration section */

/* Begin XCConfigurationList section */
		49DE9B391AD5CD3300FFCFE1 /* Build configuration list for PBXProject "Lab11" */ = {
			isa = XCConfigurationList;
			buildConfigurations = (
				49DE9B431AD5CD3300FFCFE1 /* Debug */,
				49DE9B441AD5CD3300FFCFE1 /* Release */,
			);
			defaultConfigurationIsVisible = 0;
			defaultConfigurationName = Release;
		};
		49DE9B451AD5CD3300FFCFE1 /* Build configuration list for PBXNativeTarget "Lab11" */ = {
			isa = XCConfigurationList;
			buildConfigurations = (
				49DE9B461AD5CD3300FFCFE1 /* Debug */,
				49DE9B471AD5CD3300FFCFE1 /* Release */,
			);
			defaultConfigurationIsVisible = 0;
		};
/* End XCConfigurationList section */
	};
	rootObject = 49DE9B361AD5CD3300FFCFE1 /* Project object */;
}
