// !$*UTF8*$!
{
	archiveVersion = 1;
	classes = {
	};
	objectVersion = 46;
	objects = {

/* Begin PBXBuildFile section */
		49E4C6961ABDE312004143AF /* main.cpp in Sources */ = {isa = PBXBuildFile; fileRef = 49E4C6951ABDE312004143AF /* main.cpp */; };
		49E4C69E1ABDE32B004143AF /* Functions.cpp in Sources */ = {isa = PBXBuildFile; fileRef = 49E4C69C1ABDE32B004143AF /* Functions.cpp */; };
/* End PBXBuildFile section */

/* Begin PBXCopyFilesBuildPhase section */
		49E4C6901ABDE312004143AF /* CopyFiles */ = {
			isa = PBXCopyFilesBuildPhase;
			buildActionMask = 2147483647;
			dstPath = /usr/share/man/man1/;
			dstSubfolderSpec = 0;
			files = (
			);
			runOnlyForDeploymentPostprocessing = 1;
		};
/* End PBXCopyFilesBuildPhase section */

/* Begin PBXFileReference section */
		49E4C6921ABDE312004143AF /* Homework 8 */ = {isa = PBXFileReference; explicitFileType = "compiled.mach-o.executable"; includeInIndex = 0; path = "Homework 8"; sourceTree = BUILT_PRODUCTS_DIR; };
		49E4C6951ABDE312004143AF /* main.cpp */ = {isa = PBXFileReference; lastKnownFileType = sourcecode.cpp.cpp; path = main.cpp; sourceTree = "<group>"; };
		49E4C69C1ABDE32B004143AF /* Functions.cpp */ = {isa = PBXFileReference; fileEncoding = 4; lastKnownFileType = sourcecode.cpp.cpp; path = Functions.cpp; sourceTree = "<group>"; };
		49E4C69D1ABDE32B004143AF /* Functions.h */ = {isa = PBXFileReference; fileEncoding = 4; lastKnownFileType = sourcecode.c.h; path = Functions.h; sourceTree = "<group>"; };
		49E4C69F1ABDE343004143AF /* Constants.h */ = {isa = PBXFileReference; lastKnownFileType = sourcecode.c.h; path = Constants.h; sourceTree = "<group>"; };
/* End PBXFileReference section */

/* Begin PBXFrameworksBuildPhase section */
		49E4C68F1ABDE312004143AF /* Frameworks */ = {
			isa = PBXFrameworksBuildPhase;
			buildActionMask = 2147483647;
			files = (
			);
			runOnlyForDeploymentPostprocessing = 0;
		};
/* End PBXFrameworksBuildPhase section */

/* Begin PBXGroup section */
		49E4C6891ABDE312004143AF = {
			isa = PBXGroup;
			children = (
				49E4C6941ABDE312004143AF /* Homework 8 */,
				49E4C6931ABDE312004143AF /* Products */,
			);
			sourceTree = "<group>";
		};
		49E4C6931ABDE312004143AF /* Products */ = {
			isa = PBXGroup;
			children = (
				49E4C6921ABDE312004143AF /* Homework 8 */,
			);
			name = Products;
			sourceTree = "<group>";
		};
		49E4C6941ABDE312004143AF /* Homework 8 */ = {
			isa = PBXGroup;
			children = (
				49E4C6951ABDE312004143AF /* main.cpp */,
				49E4C69C1ABDE32B004143AF /* Functions.cpp */,
				49E4C69D1ABDE32B004143AF /* Functions.h */,
				49E4C69F1ABDE343004143AF /* Constants.h */,
			);
			path = "Homework 8";
			sourceTree = "<group>";
		};
/* End PBXGroup section */

/* Begin PBXNativeTarget section */
		49E4C6911ABDE312004143AF /* Homework 8 */ = {
			isa = PBXNativeTarget;
			buildConfigurationList = 49E4C6991ABDE312004143AF /* Build configuration list for PBXNativeTarget "Homework 8" */;
			buildPhases = (
				49E4C68E1ABDE312004143AF /* Sources */,
				49E4C68F1ABDE312004143AF /* Frameworks */,
				49E4C6901ABDE312004143AF /* CopyFiles */,
			);
			buildRules = (
			);
			dependencies = (
			);
			name = "Homework 8";
			productName = "Homework 8";
			productReference = 49E4C6921ABDE312004143AF /* Homework 8 */;
			productType = "com.apple.product-type.tool";
		};
/* End PBXNativeTarget section */

/* Begin PBXProject section */
		49E4C68A1ABDE312004143AF /* Project object */ = {
			isa = PBXProject;
			attributes = {
				LastUpgradeCheck = 0620;
				ORGANIZATIONNAME = "Illya Starikov";
				TargetAttributes = {
					49E4C6911ABDE312004143AF = {
						CreatedOnToolsVersion = 6.2;
					};
				};
			};
			buildConfigurationList = 49E4C68D1ABDE312004143AF /* Build configuration list for PBXProject "Homework 8" */;
			compatibilityVersion = "Xcode 3.2";
			developmentRegion = English;
			hasScannedForEncodings = 0;
			knownRegions = (
				en,
			);
			mainGroup = 49E4C6891ABDE312004143AF;
			productRefGroup = 49E4C6931ABDE312004143AF /* Products */;
			projectDirPath = "";
			projectRoot = "";
			targets = (
				49E4C6911ABDE312004143AF /* Homework 8 */,
			);
		};
/* End PBXProject section */

/* Begin PBXSourcesBuildPhase section */
		49E4C68E1ABDE312004143AF /* Sources */ = {
			isa = PBXSourcesBuildPhase;
			buildActionMask = 2147483647;
			files = (
				49E4C6961ABDE312004143AF /* main.cpp in Sources */,
				49E4C69E1ABDE32B004143AF /* Functions.cpp in Sources */,
			);
			runOnlyForDeploymentPostprocessing = 0;
		};
/* End PBXSourcesBuildPhase section */

/* Begin XCBuildConfiguration section */
		49E4C6971ABDE312004143AF /* Debug */ = {
			isa = XCBuildConfiguration;
			buildSettings = {
				ALWAYS_SEARCH_USER_PATHS = NO;
				CLANG_CXX_LANGUAGE_STANDARD = "gnu++0x";
				CLANG_CXX_LIBRARY = "libc++";
				CLANG_ENABLE_MODULES = YES;
				CLANG_ENABLE_OBJC_ARC = YES;
				CLANG_WARN_BOOL_CONVERSION = YES;
				CLANG_WARN_CONSTANT_CONVERSION = YES;
				CLANG_WARN_DIRECT_OBJC_ISA_USAGE = YES_ERROR;
				CLANG_WARN_EMPTY_BODY = YES;
				CLANG_WARN_ENUM_CONVERSION = YES;
				CLANG_WARN_INT_CONVERSION = YES;
				CLANG_WARN_OBJC_ROOT_CLASS = YES_ERROR;
				CLANG_WARN_UNREACHABLE_CODE = YES;
				CLANG_WARN__DUPLICATE_METHOD_MATCH = YES;
				COPY_PHASE_STRIP = NO;
				ENABLE_STRICT_OBJC_MSGSEND = YES;
				GCC_C_LANGUAGE_STANDARD = gnu99;
				GCC_DYNAMIC_NO_PIC = NO;
				GCC_OPTIMIZATION_LEVEL = 0;
				GCC_PREPROCESSOR_DEFINITIONS = (
					"DEBUG=1",
					"$(inherited)",
				);
				GCC_SYMBOLS_PRIVATE_EXTERN = NO;
				GCC_WARN_64_TO_32_BIT_CONVERSION = YES;
				GCC_WARN_ABOUT_RETURN_TYPE = YES_ERROR;
				GCC_WARN_UNDECLARED_SELECTOR = YES;
				GCC_WARN_UNINITIALIZED_AUTOS = YES_AGGRESSIVE;
				GCC_WARN_UNUSED_FUNCTION = YES;
				GCC_WARN_UNUSED_VARIABLE = YES;
				MACOSX_DEPLOYMENT_TARGET = 10.10;
				MTL_ENABLE_DEBUG_INFO = YES;
				ONLY_ACTIVE_ARCH = YES;
				SDKROOT = macosx;
			};
			name = Debug;
		};
		49E4C6981ABDE312004143AF /* Release */ = {
			isa = XCBuildConfiguration;
			buildSettings = {
				ALWAYS_SEARCH_USER_PATHS = NO;
				CLANG_CXX_LANGUAGE_STANDARD = "gnu++0x";
				CLANG_CXX_LIBRARY = "libc++";
				CLANG_ENABLE_MODULES = YES;
				CLANG_ENABLE_OBJC_ARC = YES;
				CLANG_WARN_BOOL_CONVERSION = YES;
				CLANG_WARN_CONSTANT_CONVERSION = YES;
				CLANG_WARN_DIRECT_OBJC_ISA_USAGE = YES_ERROR;
				CLANG_WARN_EMPTY_BODY = YES;
				CLANG_WARN_ENUM_CONVERSION = YES;
				CLANG_WARN_INT_CONVERSION = YES;
				CLANG_WARN_OBJC_ROOT_CLASS = YES_ERROR;
				CLANG_WARN_UNREACHABLE_CODE = YES;
				CLANG_WARN__DUPLICATE_METHOD_MATCH = YES;
				COPY_PHASE_STRIP = NO;
				DEBUG_INFORMATION_FORMAT = "dwarf-with-dsym";
				ENABLE_NS_ASSERTIONS = NO;
				ENABLE_STRICT_OBJC_MSGSEND = YES;
				GCC_C_LANGUAGE_STANDARD = gnu99;
				GCC_WARN_64_TO_32_BIT_CONVERSION = YES;
				GCC_WARN_ABOUT_RETURN_TYPE = YES_ERROR;
				GCC_WARN_UNDECLARED_SELECTOR = YES;
				GCC_WARN_UNINITIALIZED_AUTOS = YES_AGGRESSIVE;
				GCC_WARN_UNUSED_FUNCTION = YES;
				GCC_WARN_UNUSED_VARIABLE = YES;
				MACOSX_DEPLOYMENT_TARGET = 10.10;
				MTL_ENABLE_DEBUG_INFO = NO;
				SDKROOT = macosx;
			};
			name = Release;
		};
		49E4C69A1ABDE312004143AF /* Debug */ = {
			isa = XCBuildConfiguration;
			buildSettings = {
				PRODUCT_NAME = "$(TARGET_NAME)";
			};
			name = Debug;
		};
		49E4C69B1ABDE312004143AF /* Release */ = {
			isa = XCBuildConfiguration;
			buildSettings = {
				PRODUCT_NAME = "$(TARGET_NAME)";
			};
			name = Release;
		};
/* End XCBuildConfiguration section */

/* Begin XCConfigurationList section */
		49E4C68D1ABDE312004143AF /* Build configuration list for PBXProject "Homework 8" */ = {
			isa = XCConfigurationList;
			buildConfigurations = (
				49E4C6971ABDE312004143AF /* Debug */,
				49E4C6981ABDE312004143AF /* Release */,
			);
			defaultConfigurationIsVisible = 0;
			defaultConfigurationName = Release;
		};
		49E4C6991ABDE312004143AF /* Build configuration list for PBXNativeTarget "Homework 8" */ = {
			isa = XCConfigurationList;
			buildConfigurations = (
				49E4C69A1ABDE312004143AF /* Debug */,
				49E4C69B1ABDE312004143AF /* Release */,
			);
			defaultConfigurationIsVisible = 0;
			defaultConfigurationName = Release;
		};
/* End XCConfigurationList section */
	};
	rootObject = 49E4C68A1ABDE312004143AF /* Project object */;
}
