// !$*UTF8*$!
{
	archiveVersion = 1;
	classes = {
	};
	objectVersion = 46;
	objects = {

/* Begin PBXBuildFile section */
		493FE5E51BD93A230099BF70 /* main.cpp in Sources */ = {isa = PBXBuildFile; fileRef = 493FE5E41BD93A230099BF70 /* main.cpp */; };
		493FE6101BDE77BB0099BF70 /* packages.cpp in Sources */ = {isa = PBXBuildFile; fileRef = 493FE60F1BDE77BB0099BF70 /* packages.cpp */; };
/* End PBXBuildFile section */

/* Begin PBXCopyFilesBuildPhase section */
		493FE5DF1BD93A220099BF70 /* CopyFiles */ = {
			isa = PBXCopyFilesBuildPhase;
			buildActionMask = 2147483647;
			dstPath = /usr/share/man/man1/;
			dstSubfolderSpec = 0;
			files = (
			);
			runOnlyForDeploymentPostprocessing = 1;
		};
/* End PBXCopyFilesBuildPhase section */

/* Begin PBXFileReference section */
		493FE5E11BD93A230099BF70 /* Homework #4 */ = {isa = PBXFileReference; explicitFileType = "compiled.mach-o.executable"; includeInIndex = 0; path = "Homework #4"; sourceTree = BUILT_PRODUCTS_DIR; };
		493FE5E41BD93A230099BF70 /* main.cpp */ = {isa = PBXFileReference; lastKnownFileType = sourcecode.cpp.cpp; path = main.cpp; sourceTree = "<group>"; };
		493FE5EB1BD93A320099BF70 /* abstractpackage.h */ = {isa = PBXFileReference; lastKnownFileType = sourcecode.c.h; path = abstractpackage.h; sourceTree = "<group>"; };
		493FE5EC1BD93AEF0099BF70 /* packages.h */ = {isa = PBXFileReference; lastKnownFileType = sourcecode.c.h; path = packages.h; sourceTree = "<group>"; };
		493FE5ED1BD93CC60099BF70 /* Constants.h */ = {isa = PBXFileReference; lastKnownFileType = sourcecode.c.h; path = Constants.h; sourceTree = "<group>"; };
		493FE60F1BDE77BB0099BF70 /* packages.cpp */ = {isa = PBXFileReference; fileEncoding = 4; lastKnownFileType = sourcecode.cpp.cpp; path = packages.cpp; sourceTree = "<group>"; };
/* End PBXFileReference section */

/* Begin PBXFrameworksBuildPhase section */
		493FE5DE1BD93A220099BF70 /* Frameworks */ = {
			isa = PBXFrameworksBuildPhase;
			buildActionMask = 2147483647;
			files = (
			);
			runOnlyForDeploymentPostprocessing = 0;
		};
/* End PBXFrameworksBuildPhase section */

/* Begin PBXGroup section */
		493FE5D81BD93A220099BF70 = {
			isa = PBXGroup;
			children = (
				493FE5E31BD93A230099BF70 /* Homework #4 */,
				493FE5E21BD93A230099BF70 /* Products */,
			);
			sourceTree = "<group>";
		};
		493FE5E21BD93A230099BF70 /* Products */ = {
			isa = PBXGroup;
			children = (
				493FE5E11BD93A230099BF70 /* Homework #4 */,
			);
			name = Products;
			sourceTree = "<group>";
		};
		493FE5E31BD93A230099BF70 /* Homework #4 */ = {
			isa = PBXGroup;
			children = (
				493FE5ED1BD93CC60099BF70 /* Constants.h */,
				493FE5EB1BD93A320099BF70 /* abstractpackage.h */,
				493FE5EC1BD93AEF0099BF70 /* packages.h */,
				493FE60F1BDE77BB0099BF70 /* packages.cpp */,
				493FE5E41BD93A230099BF70 /* main.cpp */,
			);
			path = "Homework #4";
			sourceTree = "<group>";
		};
/* End PBXGroup section */

/* Begin PBXNativeTarget section */
		493FE5E01BD93A220099BF70 /* Homework #4 */ = {
			isa = PBXNativeTarget;
			buildConfigurationList = 493FE5E81BD93A230099BF70 /* Build configuration list for PBXNativeTarget "Homework #4" */;
			buildPhases = (
				493FE5DD1BD93A220099BF70 /* Sources */,
				493FE5DE1BD93A220099BF70 /* Frameworks */,
				493FE5DF1BD93A220099BF70 /* CopyFiles */,
			);
			buildRules = (
			);
			dependencies = (
			);
			name = "Homework #4";
			productName = "Homework #4";
			productReference = 493FE5E11BD93A230099BF70 /* Homework #4 */;
			productType = "com.apple.product-type.tool";
		};
/* End PBXNativeTarget section */

/* Begin PBXProject section */
		493FE5D91BD93A220099BF70 /* Project object */ = {
			isa = PBXProject;
			attributes = {
				LastUpgradeCheck = 0710;
				ORGANIZATIONNAME = "Illya Starikov";
				TargetAttributes = {
					493FE5E01BD93A220099BF70 = {
						CreatedOnToolsVersion = 7.1;
					};
				};
			};
			buildConfigurationList = 493FE5DC1BD93A220099BF70 /* Build configuration list for PBXProject "Homework #4" */;
			compatibilityVersion = "Xcode 3.2";
			developmentRegion = English;
			hasScannedForEncodings = 0;
			knownRegions = (
				en,
			);
			mainGroup = 493FE5D81BD93A220099BF70;
			productRefGroup = 493FE5E21BD93A230099BF70 /* Products */;
			projectDirPath = "";
			projectRoot = "";
			targets = (
				493FE5E01BD93A220099BF70 /* Homework #4 */,
			);
		};
/* End PBXProject section */

/* Begin PBXSourcesBuildPhase section */
		493FE5DD1BD93A220099BF70 /* Sources */ = {
			isa = PBXSourcesBuildPhase;
			buildActionMask = 2147483647;
			files = (
				493FE6101BDE77BB0099BF70 /* packages.cpp in Sources */,
				493FE5E51BD93A230099BF70 /* main.cpp in Sources */,
			);
			runOnlyForDeploymentPostprocessing = 0;
		};
/* End PBXSourcesBuildPhase section */

/* Begin XCBuildConfiguration section */
		493FE5E61BD93A230099BF70 /* Debug */ = {
			isa = XCBuildConfiguration;
			buildSettings = {
				ALWAYS_SEARCH_USER_PATHS = NO;
				CLANG_CXX_LANGUAGE_STANDARD = "gnu++0x";
				CLANG_CXX_LIBRARY = "libc++";
				CLANG_ENABLE_MODULES = YES;
				CLANG_ENABLE_OBJC_ARC = YES;
				CLANG_WARN_BOOL_CONVERSION = YES;
				CLANG_WARN_CONSTANT_CONVERSION = YES;
				CLANG_WARN_DIRECT_OBJC_ISA_USAGE = YES_ERROR;
				CLANG_WARN_EMPTY_BODY = YES;
				CLANG_WARN_ENUM_CONVERSION = YES;
				CLANG_WARN_INT_CONVERSION = YES;
				CLANG_WARN_OBJC_ROOT_CLASS = YES_ERROR;
				CLANG_WARN_UNREACHABLE_CODE = YES;
				CLANG_WARN__DUPLICATE_METHOD_MATCH = YES;
				CODE_SIGN_IDENTITY = "-";
				COPY_PHASE_STRIP = NO;
				DEBUG_INFORMATION_FORMAT = dwarf;
				ENABLE_STRICT_OBJC_MSGSEND = YES;
				ENABLE_TESTABILITY = YES;
				GCC_C_LANGUAGE_STANDARD = gnu99;
				GCC_DYNAMIC_NO_PIC = NO;
				GCC_NO_COMMON_BLOCKS = YES;
				GCC_OPTIMIZATION_LEVEL = 0;
				GCC_PREPROCESSOR_DEFINITIONS = (
					"DEBUG=1",
					"$(inherited)",
				);
				GCC_WARN_64_TO_32_BIT_CONVERSION = YES;
				GCC_WARN_ABOUT_RETURN_TYPE = YES_ERROR;
				GCC_WARN_UNDECLARED_SELECTOR = YES;
				GCC_WARN_UNINITIALIZED_AUTOS = YES_AGGRESSIVE;
				GCC_WARN_UNUSED_FUNCTION = YES;
				GCC_WARN_UNUSED_VARIABLE = YES;
				MACOSX_DEPLOYMENT_TARGET = 10.11;
				MTL_ENABLE_DEBUG_INFO = YES;
				ONLY_ACTIVE_ARCH = YES;
				SDKROOT = macosx;
			};
			name = Debug;
		};
		493FE5E71BD93A230099BF70 /* Release */ = {
			isa = XCBuildConfiguration;
			buildSettings = {
				ALWAYS_SEARCH_USER_PATHS = NO;
				CLANG_CXX_LANGUAGE_STANDARD = "gnu++0x";
				CLANG_CXX_LIBRARY = "libc++";
				CLANG_ENABLE_MODULES = YES;
				CLANG_ENABLE_OBJC_ARC = YES;
				CLANG_WARN_BOOL_CONVERSION = YES;
				CLANG_WARN_CONSTANT_CONVERSION = YES;
				CLANG_WARN_DIRECT_OBJC_ISA_USAGE = YES_ERROR;
				CLANG_WARN_EMPTY_BODY = YES;
				CLANG_WARN_ENUM_CONVERSION = YES;
				CLANG_WARN_INT_CONVERSION = YES;
				CLANG_WARN_OBJC_ROOT_CLASS = YES_ERROR;
				CLANG_WARN_UNREACHABLE_CODE = YES;
				CLANG_WARN__DUPLICATE_METHOD_MATCH = YES;
				CODE_SIGN_IDENTITY = "-";
				COPY_PHASE_STRIP = NO;
				DEBUG_INFORMATION_FORMAT = "dwarf-with-dsym";
				ENABLE_NS_ASSERTIONS = NO;
				ENABLE_STRICT_OBJC_MSGSEND = YES;
				GCC_C_LANGUAGE_STANDARD = gnu99;
				GCC_NO_COMMON_BLOCKS = YES;
				GCC_WARN_64_TO_32_BIT_CONVERSION = YES;
				GCC_WARN_ABOUT_RETURN_TYPE = YES_ERROR;
				GCC_WARN_UNDECLARED_SELECTOR = YES;
				GCC_WARN_UNINITIALIZED_AUTOS = YES_AGGRESSIVE;
				GCC_WARN_UNUSED_FUNCTION = YES;
				GCC_WARN_UNUSED_VARIABLE = YES;
				MACOSX_DEPLOYMENT_TARGET = 10.11;
				MTL_ENABLE_DEBUG_INFO = NO;
				SDKROOT = macosx;
			};
			name = Release;
		};
		493FE5E91BD93A230099BF70 /* Debug */ = {
			isa = XCBuildConfiguration;
			buildSettings = {
				PRODUCT_NAME = "$(TARGET_NAME)";
			};
			name = Debug;
		};
		493FE5EA1BD93A230099BF70 /* Release */ = {
			isa = XCBuildConfiguration;
			buildSettings = {
				PRODUCT_NAME = "$(TARGET_NAME)";
			};
			name = Release;
		};
/* End XCBuildConfiguration section */

/* Begin XCConfigurationList section */
		493FE5DC1BD93A220099BF70 /* Build configuration list for PBXProject "Homework #4" */ = {
			isa = XCConfigurationList;
			buildConfigurations = (
				493FE5E61BD93A230099BF70 /* Debug */,
				493FE5E71BD93A230099BF70 /* Release */,
			);
			defaultConfigurationIsVisible = 0;
			defaultConfigurationName = Release;
		};
		493FE5E81BD93A230099BF70 /* Build configuration list for PBXNativeTarget "Homework #4" */ = {
			isa = XCConfigurationList;
			buildConfigurations = (
				493FE5E91BD93A230099BF70 /* Debug */,
				493FE5EA1BD93A230099BF70 /* Release */,
			);
			defaultConfigurationIsVisible = 0;
			defaultConfigurationName = Release;
		};
/* End XCConfigurationList section */
	};
	rootObject = 493FE5D91BD93A220099BF70 /* Project object */;
}
