// !$*UTF8*$!
{
	archiveVersion = 1;
	classes = {
	};
	objectVersion = 46;
	objects = {

/* Begin PBXBuildFile section */
		4984FAE51BF7C00B000C5096 /* main.cpp in Sources */ = {isa = PBXBuildFile; fileRef = 4984FAE41BF7C00B000C5096 /* main.cpp */; };
		4984FAED1BF7C022000C5096 /* MontyHall.cpp in Sources */ = {isa = PBXBuildFile; fileRef = 4984FAEB1BF7C022000C5096 /* MontyHall.cpp */; };
/* End PBXBuildFile section */

/* Begin PBXCopyFilesBuildPhase section */
		4984FADF1BF7C00B000C5096 /* CopyFiles */ = {
			isa = PBXCopyFilesBuildPhase;
			buildActionMask = 2147483647;
			dstPath = /usr/share/man/man1/;
			dstSubfolderSpec = 0;
			files = (
			);
			runOnlyForDeploymentPostprocessing = 1;
		};
/* End PBXCopyFilesBuildPhase section */

/* Begin PBXFileReference section */
		4984FAE11BF7C00B000C5096 /* Homework #5 */ = {isa = PBXFileReference; explicitFileType = "compiled.mach-o.executable"; includeInIndex = 0; path = "Homework #5"; sourceTree = BUILT_PRODUCTS_DIR; };
		4984FAE41BF7C00B000C5096 /* main.cpp */ = {isa = PBXFileReference; lastKnownFileType = sourcecode.cpp.cpp; path = main.cpp; sourceTree = "<group>"; };
		4984FAEB1BF7C022000C5096 /* MontyHall.cpp */ = {isa = PBXFileReference; fileEncoding = 4; lastKnownFileType = sourcecode.cpp.cpp; path = MontyHall.cpp; sourceTree = "<group>"; };
		4984FAEC1BF7C022000C5096 /* MontyHall.hpp */ = {isa = PBXFileReference; fileEncoding = 4; lastKnownFileType = sourcecode.cpp.h; path = MontyHall.hpp; sourceTree = "<group>"; };
/* End PBXFileReference section */

/* Begin PBXFrameworksBuildPhase section */
		4984FADE1BF7C00B000C5096 /* Frameworks */ = {
			isa = PBXFrameworksBuildPhase;
			buildActionMask = 2147483647;
			files = (
			);
			runOnlyForDeploymentPostprocessing = 0;
		};
/* End PBXFrameworksBuildPhase section */

/* Begin PBXGroup section */
		4984FAD81BF7C00B000C5096 = {
			isa = PBXGroup;
			children = (
				4984FAE31BF7C00B000C5096 /* Homework #5 */,
				4984FAE21BF7C00B000C5096 /* Products */,
			);
			sourceTree = "<group>";
		};
		4984FAE21BF7C00B000C5096 /* Products */ = {
			isa = PBXGroup;
			children = (
				4984FAE11BF7C00B000C5096 /* Homework #5 */,
			);
			name = Products;
			sourceTree = "<group>";
		};
		4984FAE31BF7C00B000C5096 /* Homework #5 */ = {
			isa = PBXGroup;
			children = (
				4984FAE41BF7C00B000C5096 /* main.cpp */,
				4984FAEB1BF7C022000C5096 /* MontyHall.cpp */,
				4984FAEC1BF7C022000C5096 /* MontyHall.hpp */,
			);
			path = "Homework #5";
			sourceTree = "<group>";
		};
/* End PBXGroup section */

/* Begin PBXNativeTarget section */
		4984FAE01BF7C00B000C5096 /* Homework #5 */ = {
			isa = PBXNativeTarget;
			buildConfigurationList = 4984FAE81BF7C00B000C5096 /* Build configuration list for PBXNativeTarget "Homework #5" */;
			buildPhases = (
				4984FADD1BF7C00B000C5096 /* Sources */,
				4984FADE1BF7C00B000C5096 /* Frameworks */,
				4984FADF1BF7C00B000C5096 /* CopyFiles */,
			);
			buildRules = (
			);
			dependencies = (
			);
			name = "Homework #5";
			productName = "Homework #5";
			productReference = 4984FAE11BF7C00B000C5096 /* Homework #5 */;
			productType = "com.apple.product-type.tool";
		};
/* End PBXNativeTarget section */

/* Begin PBXProject section */
		4984FAD91BF7C00B000C5096 /* Project object */ = {
			isa = PBXProject;
			attributes = {
				LastUpgradeCheck = 0710;
				ORGANIZATIONNAME = "Illya Starikov";
				TargetAttributes = {
					4984FAE01BF7C00B000C5096 = {
						CreatedOnToolsVersion = 7.1.1;
					};
				};
			};
			buildConfigurationList = 4984FADC1BF7C00B000C5096 /* Build configuration list for PBXProject "Homework #5" */;
			compatibilityVersion = "Xcode 3.2";
			developmentRegion = English;
			hasScannedForEncodings = 0;
			knownRegions = (
				en,
			);
			mainGroup = 4984FAD81BF7C00B000C5096;
			productRefGroup = 4984FAE21BF7C00B000C5096 /* Products */;
			projectDirPath = "";
			projectRoot = "";
			targets = (
				4984FAE01BF7C00B000C5096 /* Homework #5 */,
			);
		};
/* End PBXProject section */

/* Begin PBXSourcesBuildPhase section */
		4984FADD1BF7C00B000C5096 /* Sources */ = {
			isa = PBXSourcesBuildPhase;
			buildActionMask = 2147483647;
			files = (
				4984FAED1BF7C022000C5096 /* MontyHall.cpp in Sources */,
				4984FAE51BF7C00B000C5096 /* main.cpp in Sources */,
			);
			runOnlyForDeploymentPostprocessing = 0;
		};
/* End PBXSourcesBuildPhase section */

/* Begin XCBuildConfiguration section */
		4984FAE61BF7C00B000C5096 /* Debug */ = {
			isa = XCBuildConfiguration;
			buildSettings = {
				ALWAYS_SEARCH_USER_PATHS = NO;
				CLANG_CXX_LANGUAGE_STANDARD = "gnu++0x";
				CLANG_CXX_LIBRARY = "libc++";
				CLANG_ENABLE_MODULES = YES;
				CLANG_ENABLE_OBJC_ARC = YES;
				CLANG_WARN_BOOL_CONVERSION = YES;
				CLANG_WARN_CONSTANT_CONVERSION = YES;
				CLANG_WARN_DIRECT_OBJC_ISA_USAGE = YES_ERROR;
				CLANG_WARN_EMPTY_BODY = YES;
				CLANG_WARN_ENUM_CONVERSION = YES;
				CLANG_WARN_INT_CONVERSION = YES;
				CLANG_WARN_OBJC_ROOT_CLASS = YES_ERROR;
				CLANG_WARN_UNREACHABLE_CODE = YES;
				CLANG_WARN__DUPLICATE_METHOD_MATCH = YES;
				CODE_SIGN_IDENTITY = "-";
				COPY_PHASE_STRIP = NO;
				DEBUG_INFORMATION_FORMAT = dwarf;
				ENABLE_STRICT_OBJC_MSGSEND = YES;
				ENABLE_TESTABILITY = YES;
				GCC_C_LANGUAGE_STANDARD = gnu99;
				GCC_DYNAMIC_NO_PIC = NO;
				GCC_NO_COMMON_BLOCKS = YES;
				GCC_OPTIMIZATION_LEVEL = 0;
				GCC_PREPROCESSOR_DEFINITIONS = (
					"DEBUG=1",
					"$(inherited)",
				);
				GCC_WARN_64_TO_32_BIT_CONVERSION = YES;
				GCC_WARN_ABOUT_RETURN_TYPE = YES_ERROR;
				GCC_WARN_UNDECLARED_SELECTOR = YES;
				GCC_WARN_UNINITIALIZED_AUTOS = YES_AGGRESSIVE;
				GCC_WARN_UNUSED_FUNCTION = YES;
				GCC_WARN_UNUSED_VARIABLE = YES;
				MACOSX_DEPLOYMENT_TARGET = 10.11;
				MTL_ENABLE_DEBUG_INFO = YES;
				ONLY_ACTIVE_ARCH = YES;
				SDKROOT = macosx;
			};
			name = Debug;
		};
		4984FAE71BF7C00B000C5096 /* Release */ = {
			isa = XCBuildConfiguration;
			buildSettings = {
				ALWAYS_SEARCH_USER_PATHS = NO;
				CLANG_CXX_LANGUAGE_STANDARD = "gnu++0x";
				CLANG_CXX_LIBRARY = "libc++";
				CLANG_ENABLE_MODULES = YES;
				CLANG_ENABLE_OBJC_ARC = YES;
				CLANG_WARN_BOOL_CONVERSION = YES;
				CLANG_WARN_CONSTANT_CONVERSION = YES;
				CLANG_WARN_DIRECT_OBJC_ISA_USAGE = YES_ERROR;
				CLANG_WARN_EMPTY_BODY = YES;
				CLANG_WARN_ENUM_CONVERSION = YES;
				CLANG_WARN_INT_CONVERSION = YES;
				CLANG_WARN_OBJC_ROOT_CLASS = YES_ERROR;
				CLANG_WARN_UNREACHABLE_CODE = YES;
				CLANG_WARN__DUPLICATE_METHOD_MATCH = YES;
				CODE_SIGN_IDENTITY = "-";
				COPY_PHASE_STRIP = NO;
				DEBUG_INFORMATION_FORMAT = "dwarf-with-dsym";
				ENABLE_NS_ASSERTIONS = NO;
				ENABLE_STRICT_OBJC_MSGSEND = YES;
				GCC_C_LANGUAGE_STANDARD = gnu99;
				GCC_NO_COMMON_BLOCKS = YES;
				GCC_WARN_64_TO_32_BIT_CONVERSION = YES;
				GCC_WARN_ABOUT_RETURN_TYPE = YES_ERROR;
				GCC_WARN_UNDECLARED_SELECTOR = YES;
				GCC_WARN_UNINITIALIZED_AUTOS = YES_AGGRESSIVE;
				GCC_WARN_UNUSED_FUNCTION = YES;
				GCC_WARN_UNUSED_VARIABLE = YES;
				MACOSX_DEPLOYMENT_TARGET = 10.11;
				MTL_ENABLE_DEBUG_INFO = NO;
				SDKROOT = macosx;
			};
			name = Release;
		};
		4984FAE91BF7C00B000C5096 /* Debug */ = {
			isa = XCBuildConfiguration;
			buildSettings = {
				PRODUCT_NAME = "$(TARGET_NAME)";
			};
			name = Debug;
		};
		4984FAEA1BF7C00B000C5096 /* Release */ = {
			isa = XCBuildConfiguration;
			buildSettings = {
				PRODUCT_NAME = "$(TARGET_NAME)";
			};
			name = Release;
		};
/* End XCBuildConfiguration section */

/* Begin XCConfigurationList section */
		4984FADC1BF7C00B000C5096 /* Build configuration list for PBXProject "Homework #5" */ = {
			isa = XCConfigurationList;
			buildConfigurations = (
				4984FAE61BF7C00B000C5096 /* Debug */,
				4984FAE71BF7C00B000C5096 /* Release */,
			);
			defaultConfigurationIsVisible = 0;
			defaultConfigurationName = Release;
		};
		4984FAE81BF7C00B000C5096 /* Build configuration list for PBXNativeTarget "Homework #5" */ = {
			isa = XCConfigurationList;
			buildConfigurations = (
				4984FAE91BF7C00B000C5096 /* Debug */,
				4984FAEA1BF7C00B000C5096 /* Release */,
			);
			defaultConfigurationIsVisible = 0;
		};
/* End XCConfigurationList section */
	};
	rootObject = 4984FAD91BF7C00B000C5096 /* Project object */;
}
